github.com/DATA-DOG/go-sqlmock v1.5.2 h1:OcvFkGmslmlZibjAjaHm3L//6LiuBgolP7OputlJIzU=
github.com/DATA-DOG/go-sqlmock v1.5.2/go.mod h1:88MAG/4G7SMwSE3CeA0ZKzrT5CiOU3OJ+JlNzwDqpNU=
github.com/DmitriyVTitov/size v1.5.0/go.mod h1:le6rNI4CoLQV1b9gzp1+3d7hMAD/uu2QcJ+aYbNgiU0=
github.com/alicebob/gopher-json v0.0.0-20200520072559-a9ecdc9d1d3a/go.mod h1:SGnFV6hVsYE877CKEZ6tDNTjaSXYUk6QqoIK6PrAtcc=
github.com/alicebob/gopher-json v0.0.0-20230218143504-906a9b012302 h1:uvdUDbHQHO85qeSydJtItA4T55Pw6BtAejd0APRJOCE=
github.com/alicebob/gopher-json v0.0.0-20230218143504-906a9b012302/go.mod h1:SGnFV6hVsYE877CKEZ6tDNTjaSXYUk6QqoIK6PrAtcc=
github.com/alicebob/miniredis/v2 v2.31.1 h1:7XAt0uUg3DtwEKW5ZAGa+K7FZV2DdKQo5K/6TTnfX8Y=
github.com/alicebob/miniredis/v2 v2.31.1/go.mod h1:UB/T2Uztp7MlFSDakaX1sTXUv5CASoprx0wulRT6HBg=
github.com/benbjohnson/clock v1.1.0 h1:Q92kusRqC1XV2MjkWETPvjJVqKetz1OzxZB7mHJLju8=
github.com/beorn7/perks v1.0.1 h1:VlbKKnNfV8bJzeqoa4cOKqO6bYr3WgKZxO8Z16+hsOM=
github.com/beorn7/perks v1.0.1/go.mod h1:G2ZrVWU2WbWT9wwq4/hrbKbnv/1ERSJQ0ibhJ6rlkpw=
github.com/bsm/ginkgo/v2 v2.12.0 h1:Ny8MWAHyOepLGlLKYmXG4IEkioBysk6GpaRTLC8zwWs=
github.com/bsm/gomega v1.27.10 h1:yeMWxP2pV2fG3FgAODIY8EiRE3dy0aeFYt4l7wh6yKA=
github.com/bufbuild/protocompile v0.8.0 h1:9Kp1q6OkS9L4nM3FYbr8vlJnEwtbpDPQlQOVXfR+78s=
github.com/bufbuild/protocompile v0.8.0/go.mod h1:+Etjg4guZoAqzVk2czwEQP12yaxLJ8DxuqCJ9qHdH94=
github.com/cenkalti/backoff/v4 v4.2.1 h1:y4OZtCnogmCPw98Zjyt5a6+QwPLGkiQsYW5oUqylYbM=
github.com/cenkalti/backoff/v4 v4.2.1/go.mod h1:Y3VNntkOUPxTVeUxJ/G5vcM//AlwfmyYozVcomhLiZE=
github.com/cespare/xxhash/v2 v2.2.0 h1:DC2CZ1Ep5Y4k3ZQ899DldepgrayRUGE6BBZ/cd9Cj44=
github.com/cespare/xxhash/v2 v2.2.0/go.mod h1:VGX0DQ3Q6kWi7AoAeZDth3/j3BFtOZR5XLFGgcrjCOs=
github.com/chzyer/logex v1.1.10/go.mod h1:+Ywpsq7O8HXn0nuIou7OrIPyXbp3wmkHB+jjWRnGsAI=
github.com/chzyer/readline v0.0.0-20180603132655-2972be24d48e/go.mod h1:nSuG5e5PlCu98SY8svDHJxuZscDgtXS6KTTbou5AhLI=
github.com/chzyer/test v0.0.0-20180213035817-a1ea475d72b1/go.mod h1:Q3SI9o4m/ZMnBNeIyt5eFwwo7qiLfzFZmjNmxjkiQlU=
github.com/coreos/go-semver v0.3.1 h1:yi21YpKnrx1gt5R+la8n5WgS0kCrsPp33dmEyHReZr4=
github.com/coreos/go-semver v0.3.1/go.mod h1:irMmmIw/7yzSRPWryHsK7EYSg09caPQL03VsM8rvUec=
github.com/coreos/go-systemd/v22 v22.5.0 h1:RrqgGjYQKalulkV8NGVIfkXQf6YYmOyiJKk8iXXhfZs=
github.com/coreos/go-systemd/v22 v22.5.0/go.mod h1:Y58oyj3AT4RCenI/lSvhwexgC+NSVTIJ3seZv2GcEnc=
github.com/creack/pty v1.1.9/go.mod h1:oKZEueFk5CKHvIhNR5MUki03XCEU+Q6VDXinZuGJ33E=
github.com/davecgh/go-spew v1.1.0/go.mod h1:J7Y8YcW2NihsgmVo/mv3lAwl/skON4iLHjSsI+c5H38=
github.com/davecgh/go-spew v1.1.1 h1:vj9j/u1bqnvCEfJOwUhtlOARqs3+rkHYY13jYWTU97c=
github.com/davecgh/go-spew v1.1.1/go.mod h1:J7Y8YcW2NihsgmVo/mv3lAwl/skON4iLHjSsI+c5H38=
github.com/dgryski/go-rendezvous v0.0.0-20200823014737-9f7001d12a5f h1:lO4WD4F/rVNCu3HqELle0jiPLLBs70cWOduZpkS1E78=
github.com/dgryski/go-rendezvous v0.0.0-20200823014737-9f7001d12a5f/go.mod h1:cuUVRXasLTGF7a8hSLbxyZXjz+1KgoB3wDUb6vlszIc=
github.com/emicklei/go-restful/v3 v3.11.0 h1:rAQeMHw1c7zTmncogyy8VvRZwtkmkZ4FxERmMY4rD+g=
github.com/emicklei/go-restful/v3 v3.11.0/go.mod h1:6n3XBCmQQb25CM2LCACGz8ukIrRry+4bhvbpWn3mrbc=
github.com/fatih/color v1.16.0 h1:zmkK9Ngbjj+K0yRhTVONQh1p/HknKYSlNT+vZCzyokM=
github.com/fatih/color v1.16.0/go.mod h1:fL2Sau1YI5c0pdGEVCbKQbLXB6edEj1ZgiY4NijnWvE=
github.com/fullstorydev/grpcurl v1.8.9 h1:JMvZXK8lHDGyLmTQ0ZdGDnVVGuwjbpaumf8p42z0d+c=
github.com/fullstorydev/grpcurl v1.8.9/go.mod h1:PNNKevV5VNAV2loscyLISrEnWQI61eqR0F8l3bVadAA=
github.com/go-logr/logr v1.2.2/go.mod h1:jdQByPbusPIv2/zmleS9BjJVeZ6kBagPoEUsqbVz/1A=
github.com/go-logr/logr v1.3.0 h1:2y3SDp0ZXuc6/cjLSZ+Q3ir+QB9T/iG5yYRXqsagWSY=
github.com/go-logr/logr v1.3.0/go.mod h1:9T104GzyrTigFIr8wt5mBrctHMim0Nb2HLGrmQ40KvY=
github.com/go-logr/stdr v1.2.2 h1:hSWxHoqTgW2S2qGc0LTAI563KZ5YKYRhT3MFKZMbjag=
github.com/go-logr/stdr v1.2.2/go.mod h1:mMo/vtBO5dYbehREoey6XUKy/eSumjCCveDpRre4VKE=
github.com/go-openapi/jsonpointer v0.19.6 h1:eCs3fxoIi3Wh6vtgmLTOjdhSpiqphQ+DaPn38N2ZdrE=
github.com/go-openapi/jsonpointer v0.19.6/go.mod h1:osyAmYz/mB/C3I+WsTTSgw1ONzaLJoLCyoi6/zppojs=
github.com/go-openapi/jsonreference v0.20.2 h1:3sVjiK66+uXK/6oQ8xgcRKcFgQ5KXa2KvnJRumpMGbE=
github.com/go-openapi/jsonreference v0.20.2/go.mod h1:Bl1zwGIM8/wsvqjsOQLJ/SH+En5Ap4rVB5KVcIDZG2k=
github.com/go-openapi/swag v0.22.3/go.mod h1:UzaqsxGiab7freDnrUUra0MwWfN/q7tE4j+VcZ0yl14=
github.com/go-openapi/swag v0.22.4 h1:QLMzNJnMGPRNDCbySlcj1x01tzU8/9LTTL9hZZZogBU=
github.com/go-openapi/swag v0.22.4/go.mod h1:UzaqsxGiab7freDnrUUra0MwWfN/q7tE4j+VcZ0yl14=
github.com/go-sql-driver/mysql v1.7.1 h1:lUIinVbN1DY0xBg0eMOzmmtGoHwWBbvnWubQUrtU8EI=
github.com/go-sql-driver/mysql v1.7.1/go.mod h1:OXbVy3sEdcQ2Doequ6Z5BW6fXNQTmx+9S1MCJN5yJMI=
github.com/go-task/slim-sprig v0.0.0-20230315185526-52ccab3ef572 h1:tfuBGBXKqDEevZMzYi5KSi8KkcZtzBcTgAUUtapy0OI=
github.com/godbus/dbus/v5 v5.0.4/go.mod h1:xhWf0FNVPg57R7Z0UbKHbJfkEywrmjJnf7w5xrFpKfA=
github.com/gogo/protobuf v1.3.2 h1:Ov1cvc58UF3b5XjBnZv7+opcTcQFZebYjWzi34vdm4Q=
github.com/gogo/protobuf v1.3.2/go.mod h1:P1XiOD3dCwIKUDQYPy72D8LYyHL2YPYrpS2s69NZV8Q=
github.com/golang-jwt/jwt/v4 v4.5.0 h1:7cYmW1XlMY7h7ii7UhUyChSgS5wUJEnm9uZVTGqOWzg=
github.com/golang-jwt/jwt/v4 v4.5.0/go.mod h1:m21LjoU+eqJr34lmDMbreY2eSTRJ1cv77w39/MY0Ch0=
github.com/golang/glog v1.2.0 h1:uCdmnmatrKCgMBlM4rMuJZWOkPDqdbZPnrMXDY4gI68=
github.com/golang/groupcache v0.0.0-20210331224755-41bb18bfe9da/go.mod h1:cIg4eruTrX1D+g88fzRXU5OdNfaM+9IcxsU14FzY7Hc=
github.com/golang/mock v1.6.0 h1:ErTB+efbowRARo13NNdxyJji2egdxLGQhRaY+DUumQc=
github.com/golang/mock v1.6.0/go.mod h1:p6yTPP+5HYm5mzsMV8JkE6ZKdX+/wYM6Hr+LicevLPs=
github.com/golang/protobuf v1.5.0/go.mod h1:FsONVRAS9T7sI+LIUmWTfcYkHO4aIWwzhcaSAoJOfIk=
github.com/golang/protobuf v1.5.2/go.mod h1:XVQd3VNwM+JqD3oG2Ue2ip4fOMUkwXdXDdiuN0vRsmY=
github.com/golang/protobuf v1.5.3 h1:KhyjKVUg7Usr/dYsdSqoFveMYd5ko72D+zANwlG1mmg=
github.com/golang/protobuf v1.5.3/go.mod h1:XVQd3VNwM+JqD3oG2Ue2ip4fOMUkwXdXDdiuN0vRsmY=
github.com/golang/snappy v0.0.1/go.mod h1:/XxbfmMg8lxefKM7IXC3fBNl/7bRcc72aCRzEWrmP2Q=
github.com/golang/snappy v0.0.4 h1:yAGX7huGHXlcLOEtBnF4w7FQwA26wojNCwOYAEhLjQM=
github.com/golang/snappy v0.0.4/go.mod h1:/XxbfmMg8lxefKM7IXC3fBNl/7bRcc72aCRzEWrmP2Q=
github.com/google/gnostic-models v0.6.8 h1:yo/ABAfM5IMRsS1VnXjTBvUb61tFIHozhlYvRgGre9I=
github.com/google/gnostic-models v0.6.8/go.mod h1:5n7qKqH0f5wFt+aWF8CW6pZLLNOfYuF5OpfBSENuI8U=
github.com/google/go-cmp v0.5.2/go.mod h1:v8dTdLbMG2kIc/vJvl+f65V22dbkXbowE6jgT/gNBxE=
github.com/google/go-cmp v0.5.5/go.mod h1:v8dTdLbMG2kIc/vJvl+f65V22dbkXbowE6jgT/gNBxE=
github.com/google/go-cmp v0.5.9/go.mod h1:17dUlkBOakJ0+DkrSSNjCkIjxS6bF9zb3elmeNGIjoY=
github.com/google/go-cmp v0.6.0 h1:ofyhxvXcZhMsU5ulbFiLKl/XBFqE1GSq7atu8tAmTRI=
github.com/google/go-cmp v0.6.0/go.mod h1:17dUlkBOakJ0+DkrSSNjCkIjxS6bF9zb3elmeNGIjoY=
github.com/google/gofuzz v1.0.0/go.mod h1:dBl0BpW6vV/+mYPU4Po3pmUjxk6FQPldtuIdl/M65Eg=
github.com/google/gofuzz v1.2.0 h1:xRy4A+RhZaiKjJ1bPfwQ8sedCA+YS2YcCHW6ec7JMi0=
github.com/google/gofuzz v1.2.0/go.mod h1:dBl0BpW6vV/+mYPU4Po3pmUjxk6FQPldtuIdl/M65Eg=
github.com/google/pprof v0.0.0-20210720184732-4bb14d4b1be1 h1:K6RDEckDVWvDI9JAJYCmNdQXq6neHJOYx3V6jnqNEec=
github.com/google/uuid v1.6.0 h1:NIvaJDMOsjHA8n1jAhLSgzrAzy1Hgr+hNrb57e+94F0=
github.com/google/uuid v1.6.0/go.mod h1:TIyPZe4MgqvfeYDBFedMoGGpEw/LqOeaOT+nhxU+yHo=
github.com/grpc-ecosystem/grpc-gateway/v2 v2.18.0 h1:RtRsiaGvWxcwd8y3BiRZxsylPT8hLWZ5SPcfI+3IDNk=
github.com/grpc-ecosystem/grpc-gateway/v2 v2.18.0/go.mod h1:TzP6duP4Py2pHLVPPQp42aoYI92+PCrVotyR5e8Vqlk=
github.com/h2non/parth v0.0.0-20190131123155-b4df798d6542 h1:2VTzZjLZBgl62/EtslCrtky5vbi9dd7HrQPQIx6wqiw=
github.com/h2non/parth v0.0.0-20190131123155-b4df798d6542/go.mod h1:Ow0tF8D4Kplbc8s8sSb3V2oUCygFHVp8gC3Dn6U4MNI=
github.com/jackc/pgpassfile v1.0.0 h1:/6Hmqy13Ss2zCq62VdNG8tM1wchn8zjSGOBJ6icpsIM=
github.com/jackc/pgpassfile v1.0.0/go.mod h1:CEx0iS5ambNFdcRtxPj5JhEz+xB6uRky5eyVu/W2HEg=
github.com/jackc/pgservicefile v0.0.0-20221227161230-091c0ba34f0a h1:bbPeKD0xmW/Y25WS6cokEszi5g+S0QxI/d45PkRi7Nk=
github.com/jackc/pgservicefile v0.0.0-20221227161230-091c0ba34f0a/go.mod h1:5TJZWKEWniPve33vlWYSoGYefn3gLQRzjfDlhSJ9ZKM=
github.com/jackc/pgx/v5 v5.5.3 h1:Ces6/M3wbDXYpM8JyyPD57ivTtJACFZJd885pdIaV2s=
github.com/jackc/pgx/v5 v5.5.3/go.mod h1:ez9gk+OAat140fv9ErkZDYFWmXLfV+++K0uAOiwgm1A=
github.com/jackc/puddle/v2 v2.2.1 h1:RhxXJtFG022u4ibrCSMSiu5aOq1i77R3OHKNJj77OAk=
github.com/jackc/puddle/v2 v2.2.1/go.mod h1:vriiEXHvEE654aYKXXjOvZM39qJ0q+azkZFrfEOc3H4=
github.com/jhump/protoreflect v1.15.6 h1:WMYJbw2Wo+KOWwZFvgY0jMoVHM6i4XIvRs2RcBj5VmI=
github.com/jhump/protoreflect v1.15.6/go.mod h1:jCHoyYQIJnaabEYnbGwyo9hUqfyUMTbJw/tAut5t97E=
github.com/josharian/intern v1.0.0 h1:vlS4z54oSdjm0bgjRigI+G1HpF+tI+9rE5LLzOg8HmY=
github.com/josharian/intern v1.0.0/go.mod h1:5DoeVV0s6jJacbCEi61lwdGj/aVlrQvzHFFd8Hwg//Y=
github.com/json-iterator/go v1.1.12 h1:PV8peI4a0ysnczrg+LtxykD8LfKY9ML6u2jnxaEnrnM=
github.com/json-iterator/go v1.1.12/go.mod h1:e30LSqwooZae/UwlEbR2852Gd8hjQvJoHmT4TnhNGBo=
github.com/kisielk/errcheck v1.5.0/go.mod h1:pFxgyoBC7bSaBwPgfKdkLd5X25qrDl4LWUI2bnpBCr8=
github.com/kisielk/gotool v1.0.0/go.mod h1:XhKaO+MFFWcvkIS/tQcRk01m1F5IRFswLeQ+oQHNcck=
github.com/kisielk/sqlstruct v0.0.0-20201105191214-5f3e10d3ab46/go.mod h1:yyMNCyc/Ib3bDTKd379tNMpB/7/H5TjM2Y9QJ5THLbE=
github.com/klauspost/compress v1.13.6/go.mod h1:/3/Vjq9QcHkK5uEr5lBEmyoZ1iFhe47etQ6QUkpK6sk=
github.com/klauspost/compress v1.16.7 h1:2mk3MPGNzKyxErAw8YaohYh69+pa4sIQSC0fPGCFR9I=
github.com/klauspost/compress v1.16.7/go.mod h1:ntbaceVETuRiXiv4DpjP66DpAtAGkEQskQzEyD//IeE=
github.com/kr/pretty v0.2.1/go.mod h1:ipq/a2n7PKx3OHsz4KJII5eveXtPO4qwEXGdVfWzfnI=
github.com/kr/pretty v0.3.1 h1:flRD4NNwYAUpkphVc1HcthR4KEIFJ65n8Mw5qdRn3LE=
github.com/kr/pty v1.1.1/go.mod h1:pFQYn66WHrOpPYNljwOMqo10TkYh1fy3cYio2l3bCsQ=
github.com/kr/text v0.1.0/go.mod h1:4Jbv+DJW3UT/LiOwJeYQe1efqtUx/iVham/4vfdArNI=
github.com/kr/text v0.2.0 h1:5Nx0Ya0ZqY2ygV366QzturHI13Jq95ApcVaJBhpS+AY=
github.com/kr/text v0.2.0/go.mod h1:eLer722TekiGuMkidMxC/pM04lWEeraHUUmBw8l2grE=
github.com/mailru/easyjson v0.7.7 h1:UGYAvKxe3sBsEDzO8ZeWOSlIQfWFlxbzLZe7hwFURr0=
github.com/mailru/easyjson v0.7.7/go.mod h1:xzfreul335JAWq5oZzymOObrkdz5UnU4kGfJJLY9Nlc=
github.com/mattn/go-colorable v0.1.13 h1:fFA4WZxdEF4tXPZVKMLwD8oUnCTTo08duU7wxecdEvA=
github.com/mattn/go-colorable v0.1.13/go.mod h1:7S9/ev0klgBDR4GtXTXX8a3vIGJpMovkB8vQcUbaXHg=
github.com/mattn/go-isatty v0.0.16/go.mod h1:kYGgaQfpe5nmfYZH+SKPsOc2e4SrIfOl2e/yFXSvRLM=
github.com/mattn/go-isatty v0.0.20 h1:xfD0iDuEKnDkl03q4limB+vH+GxLEtL/jb4xVJSWWEY=
github.com/mattn/go-isatty v0.0.20/go.mod h1:W+V8PltTTMOvKvAeJH7IuucS94S2C6jfK/D7dTCTo3Y=
github.com/mattn/go-runewidth v0.0.9/go.mod h1:H031xJmbD/WCDINGzjvQ9THkh0rPKHF+m2gUSrubnMI=
github.com/mattn/go-runewidth v0.0.15 h1:UNAjwbU9l54TA3KzvqLGxwWjHmMgBUVhBiTjelZgg3U=
github.com/mattn/go-runewidth v0.0.15/go.mod h1:Jdepj2loyihRzMpdS35Xk/zdY8IAYHsh153qUoGf23w=
github.com/matttproud/golang_protobuf_extensions/v2 v2.0.0 h1:jWpvCLoY8Z/e3VKvlsiIGKtc+UG6U5vzxaoagmhXfyg=
github.com/matttproud/golang_protobuf_extensions/v2 v2.0.0/go.mod h1:QUyp042oQthUoa9bqDv0ER0wrtXnBruoNd7aNjkbP+k=
github.com/modern-go/concurrent v0.0.0-20180228061459-e0a39a4cb421/go.mod h1:6dJC0mAP4ikYIbvyc7fijjWJddQyLn8Ig3JB5CqoB9Q=
github.com/modern-go/concurrent v0.0.0-20180306012644-bacd9c7ef1dd h1:TRLaZ9cD/w8PVh93nsPXa1VrQ6jlwL5oN8l14QlcNfg=
github.com/modern-go/concurrent v0.0.0-20180306012644-bacd9c7ef1dd/go.mod h1:6dJC0mAP4ikYIbvyc7fijjWJddQyLn8Ig3JB5CqoB9Q=
github.com/modern-go/reflect2 v1.0.2 h1:xBagoLtFs94CBntxluKeaWgTMpvLxC4ur3nMaC9Gz0M=
github.com/modern-go/reflect2 v1.0.2/go.mod h1:yWuevngMOJpCy52FWWMvUC8ws7m/LJsjYzDa0/r8luk=
github.com/montanaflynn/stats v0.0.0-20171201202039-1bf9dbcd8cbe h1:iruDEfMl2E6fbMZ9s0scYfZQ84/6SPL6zC8ACM2oIL0=
github.com/montanaflynn/stats v0.0.0-20171201202039-1bf9dbcd8cbe/go.mod h1:wL8QJuTMNUDYhXwkmfOly8iTdp5TEcJFWZD2D7SIkUc=
github.com/munnerz/goautoneg v0.0.0-20191010083416-a7dc8b61c822 h1:C3w9PqII01/Oq1c1nUAm88MOHcQC9l5mIlSMApZMrHA=
github.com/munnerz/goautoneg v0.0.0-20191010083416-a7dc8b61c822/go.mod h1:+n7T8mK8HuQTcFwEeznm/DIxMOiR9yIdICNftLE1DvQ=
github.com/nbio/st v0.0.0-20140626010706-e9e8d9816f32 h1:W6apQkHrMkS0Muv8G/TipAy/FJl/rCYT0+EuS8+Z0z4=
github.com/nbio/st v0.0.0-20140626010706-e9e8d9816f32/go.mod h1:9wM+0iRr9ahx58uYLpLIr5fm8diHn0JbqRycJi6w0Ms=
github.com/olekukonko/tablewriter v0.0.5 h1:P2Ga83D34wi1o9J6Wh1mRuqd4mF/x/lgBS7N7AbDhec=
github.com/olekukonko/tablewriter v0.0.5/go.mod h1:hPp6KlRPjbx+hW8ykQs1w3UBbZlj6HuIJcUGPhkA7kY=
github.com/onsi/ginkgo/v2 v2.13.0 h1:0jY9lJquiL8fcf3M4LAXN5aMlS/b2BV86HFFPCPMgE4=
github.com/onsi/gomega v1.29.0 h1:KIA/t2t5UBzoirT4H9tsML45GEbo3ouUnBHsCfD2tVg=
github.com/openzipkin/zipkin-go v0.4.2 h1:zjqfqHjUpPmB3c1GlCvvgsM1G4LkvqQbBDueDOCg/jA=
github.com/openzipkin/zipkin-go v0.4.2/go.mod h1:ZeVkFjuuBiSy13y8vpSDCjMi9GoI3hPpCJSBx/EYFhY=
github.com/pelletier/go-toml/v2 v2.1.1 h1:LWAJwfNvjQZCFIDKWYQaM62NcYeYViCmWIwmOStowAI=
github.com/pelletier/go-toml/v2 v2.1.1/go.mod h1:tJU2Z3ZkXwnxa4DPO899bsyIoywizdUvyaeZurnPPDc=
github.com/pkg/errors v0.9.1 h1:FEBLx1zS214owpjy7qsBeixbURkuhQAwrK5UwLGTwt4=
github.com/pmezard/go-difflib v1.0.0 h1:4DBwDE0NGyQoBHbLQYPwSUPoCMWR5BEzIk/f1lZbAQM=
github.com/pmezard/go-difflib v1.0.0/go.mod h1:iKH77koFhYxTK1pcRnkKkqfTogsbg7gZNVY4sRDYZ/4=
github.com/prashantv/gostub v1.1.0 h1:BTyx3RfQjRHnUWaGF9oQos79AlQ5k8WNktv7VGvVH4g=
github.com/prometheus/client_golang v1.18.0 h1:HzFfmkOzH5Q8L8G+kSJKUx5dtG87sewO+FoDDqP5Tbk=
github.com/prometheus/client_golang v1.18.0/go.mod h1:T+GXkCk5wSJyOqMIzVgvvjFDlkOQntgjkJWKrN5txjA=
github.com/prometheus/client_model v0.5.0 h1:VQw1hfvPvk3Uv6Qf29VrPF32JB6rtbgI6cYPYQjL0Qw=
github.com/prometheus/client_model v0.5.0/go.mod h1:dTiFglRmd66nLR9Pv9f0mZi7B7fk5Pm3gvsjB5tr+kI=
github.com/prometheus/common v0.45.0 h1:2BGz0eBc2hdMDLnO/8n0jeB3oPrt2D08CekT0lneoxM=
github.com/prometheus/common v0.45.0/go.mod h1:YJmSTw9BoKxJplESWWxlbyttQR4uaEcGyv9MZjVOJsY=
github.com/prometheus/procfs v0.12.0 h1:jluTpSng7V9hY0O2R9DzzJHYb2xULk9VTR1V1R/k6Bo=
github.com/prometheus/procfs v0.12.0/go.mod h1:pcuDEFsWDnvcgNzo4EEweacyhjeA9Zk3cnaOZAZEfOo=
github.com/redis/go-redis/v9 v9.4.0 h1:Yzoz33UZw9I/mFhx4MNrB6Fk+XHO1VukNcCa1+lwyKk=
github.com/redis/go-redis/v9 v9.4.0/go.mod h1:hdY0cQFCN4fnSYT6TkisLufl/4W5UIXyv0b/CLO2V2M=
github.com/rivo/uniseg v0.2.0 h1:S1pD9weZBuJdFmowNwbpi7BJ8TNftyUImj/0WQi72jY=
github.com/rivo/uniseg v0.2.0/go.mod h1:J6wj4VEh+S6ZtnVlnTBMWIodfgj8LQOQFoIToxlJtxc=
github.com/rogpeppe/go-internal v1.10.0 h1:TMyTOH3F/DB16zRVcYyreMH6GnZZrwQVAoYjRBZyWFQ=
github.com/spaolacci/murmur3 v1.1.0 h1:7c1g84S4BPRrfL5Xrdp6fOJ206sU9y293DDHaoy0bLI=
github.com/spaolacci/murmur3 v1.1.0/go.mod h1:JwIasOWyU6f++ZhiEuf87xNszmSA2myDM2Kzu9HwQUA=
github.com/spf13/pflag v1.0.5 h1:iy+VFUOCP1a+8yFto/drg2CJ5u0yRoB7fZw3DKv/JXA=
github.com/stretchr/objx v0.1.0/go.mod h1:HFkY916IF+rwdDfMAkV7OtwuqBVzrE8GR6GFx+wExME=
github.com/stretchr/objx v0.4.0/go.mod h1:YvHI0jy2hoMjB+UWwv71VJQ9isScKT/TqJzVSSt89Yw=
github.com/stretchr/objx v0.5.0 h1:1zr/of2m5FGMsad5YfcqgdqdWrIhu+EBEJRhR1U7z/c=
github.com/stretchr/objx v0.5.0/go.mod h1:Yh+to48EsGEfYuaHDzXPcE3xhTkx73EhmCGUpEOglKo=
github.com/stretchr/testify v1.3.0/go.mod h1:M5WIy9Dh21IEIfnGCwXGc5bZfKNJtfHm1UVUgZn+9EI=
github.com/stretchr/testify v1.7.0/go.mod h1:6Fq8oRcR53rry900zMqJjRRixrwX3KX962/h/Wwjteg=
github.com/stretchr/testify v1.7.1/go.mod h1:6Fq8oRcR53rry900zMqJjRRixrwX3KX962/h/Wwjteg=
github.com/stretchr/testify v1.8.0/go.mod h1:yNjHg4UonilssWZ8iaSj1OCr/vHnekPRkoO+kdMU+MU=
github.com/stretchr/testify v1.8.1/go.mod h1:w2LPCIKwWwSfY2zedu0+kehJoqGctiVI29o6fzry7u4=
github.com/stretchr/testify v1.8.4 h1:CcVxjf3Q8PM0mHUKJCdn+eZZtm5yQwehR5yeSVQQcUk=
github.com/stretchr/testify v1.8.4/go.mod h1:sz/lmYIOXD/1dqDmKjjqLyZ2RngseejIcXlSw2iwfAo=
github.com/xdg-go/pbkdf2 v1.0.0 h1:Su7DPu48wXMwC3bs7MCNG+z4FhcyEuz5dlvchbq0B0c=
github.com/xdg-go/pbkdf2 v1.0.0/go.mod h1:jrpuAogTd400dnrH08LKmI/xc1MbPOebTwRqcT5RDeI=
github.com/xdg-go/scram v1.1.2 h1:FHX5I5B4i4hKRVRBCFRxq1iQRej7WO3hhBuJf+UUySY=
github.com/xdg-go/scram v1.1.2/go.mod h1:RT/sEzTbU5y00aCK8UOx6R7YryM0iF1N2MOmC3kKLN4=
github.com/xdg-go/stringprep v1.0.4 h1:XLI/Ng3O1Atzq0oBs3TWm+5ZVgkq2aqdlvP9JtoZ6c8=
github.com/xdg-go/stringprep v1.0.4/go.mod h1:mPGuuIYwz7CmR2bT9j4GbQqutWS1zV24gijq1dTyGkM=
github.com/youmark/pkcs8 v0.0.0-20181117223130-1be2e3e5546d/go.mod h1:rHwXgn7JulP+udvsHwJoVG1YGAP6VLg4y9I5dyZdqmA=
github.com/youmark/pkcs8 v0.0.0-20201027041543-1326539a0a0a h1:fZHgsYlfvtyqToslyjUt3VOPF4J7aK/3MPcK7xp3PDk=
github.com/youmark/pkcs8 v0.0.0-20201027041543-1326539a0a0a/go.mod h1:ul22v+Nro/R083muKhosV54bj5niojjWZvU8xrevuH4=
github.com/yuin/goldmark v1.1.27/go.mod h1:3hX8gzYuyVAZsxl0MRgGTJEmQBFcNTphYh9decYSb74=
github.com/yuin/goldmark v1.2.1/go.mod h1:3hX8gzYuyVAZsxl0MRgGTJEmQBFcNTphYh9decYSb74=
github.com/yuin/goldmark v1.3.5/go.mod h1:mwnBkeHKe2W/ZEtQ+71ViKU8L12m81fl3OWwC1Zlc8k=
github.com/yuin/goldmark v1.4.13/go.mod h1:6yULJ656Px+3vBD8DxQVa3kxgyrAnzto9xy5taEt/CY=
github.com/yuin/gopher-lua v1.1.0 h1:BojcDhfyDWgU2f2TOzYK/g5p2gxMrku8oupLDqlnSqE=
github.com/yuin/gopher-lua v1.1.0/go.mod h1:GBR0iDaNXjAgGg9zfCvksxSRnQx76gclCIb7kdAd1Pw=
go.etcd.io/etcd/api/v3 v3.5.12 h1:W4sw5ZoU2Juc9gBWuLk5U6fHfNVyY1WC5g9uiXZio/c=
go.etcd.io/etcd/api/v3 v3.5.12/go.mod h1:Ot+o0SWSyT6uHhA56al1oCED0JImsRiU9Dc26+C2a+4=
go.etcd.io/etcd/client/pkg/v3 v3.5.12 h1:EYDL6pWwyOsylrQyLp2w+HkQ46ATiOvoEdMarindU2A=
go.etcd.io/etcd/client/pkg/v3 v3.5.12/go.mod h1:seTzl2d9APP8R5Y2hFL3NVlD6qC/dOT+3kvrqPyTas4=
go.etcd.io/etcd/client/v3 v3.5.12 h1:v5lCPXn1pf1Uu3M4laUE2hp/geOTc5uPcYYsNe1lDxg=
go.etcd.io/etcd/client/v3 v3.5.12/go.mod h1:tSbBCakoWmmddL+BKVAJHa9km+O/E+bumDe9mSbPiqw=
go.mongodb.org/mongo-driver v1.13.1 h1:YIc7HTYsKndGK4RFzJ3covLz1byri52x0IoMB0Pt/vk=
go.mongodb.org/mongo-driver v1.13.1/go.mod h1:wcDf1JBCXy2mOW0bWHwO/IOYqdca1MPCwDtFu/Z9+eo=
go.opentelemetry.io/otel v1.19.0 h1:MuS/TNf4/j4IXsZuJegVzI1cwut7Qc00344rgH7p8bs=
go.opentelemetry.io/otel v1.19.0/go.mod h1:i0QyjOq3UPoTzff0PJB2N66fb4S0+rSbSB15/oyH9fY=
go.opentelemetry.io/otel/exporters/jaeger v1.17.0 h1:D7UpUy2Xc2wsi1Ras6V40q806WM07rqoCWzXu7Sqy+4=
go.opentelemetry.io/otel/exporters/jaeger v1.17.0/go.mod h1:nPCqOnEH9rNLKqH/+rrUjiMzHJdV1BlpKcTwRTyKkKI=
go.opentelemetry.io/otel/exporters/otlp/otlptrace v1.19.0 h1:Mne5On7VWdx7omSrSSZvM4Kw7cS7NQkOOmLcgscI51U=
go.opentelemetry.io/otel/exporters/otlp/otlptrace v1.19.0/go.mod h1:IPtUMKL4O3tH5y+iXVyAXqpAwMuzC1IrxVS81rummfE=
go.opentelemetry.io/otel/exporters/otlp/otlptrace/otlptracegrpc v1.19.0 h1:3d+S281UTjM+AbF31XSOYn1qXn3BgIdWl8HNEpx08Jk=
go.opentelemetry.io/otel/exporters/otlp/otlptrace/otlptracegrpc v1.19.0/go.mod h1:0+KuTDyKL4gjKCF75pHOX4wuzYDUZYfAQdSu43o+Z2I=
go.opentelemetry.io/otel/exporters/otlp/otlptrace/otlptracehttp v1.19.0 h1:IeMeyr1aBvBiPVYihXIaeIZba6b8E1bYp7lbdxK8CQg=
go.opentelemetry.io/otel/exporters/otlp/otlptrace/otlptracehttp v1.19.0/go.mod h1:oVdCUtjq9MK9BlS7TtucsQwUcXcymNiEDjgDD2jMtZU=
go.opentelemetry.io/otel/exporters/stdout/stdouttrace v1.19.0 h1:Nw7Dv4lwvGrI68+wULbcq7su9K2cebeCUrDjVrUJHxM=
go.opentelemetry.io/otel/exporters/stdout/stdouttrace v1.19.0/go.mod h1:1MsF6Y7gTqosgoZvHlzcaaM8DIMNZgJh87ykokoNH7Y=
go.opentelemetry.io/otel/exporters/zipkin v1.19.0 h1:EGY0h5mGliP9o/nIkVuLI0vRiQqmsYOcbwCuotksO1o=
go.opentelemetry.io/otel/exporters/zipkin v1.19.0/go.mod h1:JQgTGJP11yi3o4GHzIWYodhPisxANdqxF1eHwDSnJrI=
go.opentelemetry.io/otel/metric v1.19.0 h1:aTzpGtV0ar9wlV4Sna9sdJyII5jTVJEvKETPiOKwvpE=
go.opentelemetry.io/otel/metric v1.19.0/go.mod h1:L5rUsV9kM1IxCj1MmSdS+JQAcVm319EUrDVLrt7jqt8=
go.opentelemetry.io/otel/sdk v1.19.0 h1:6USY6zH+L8uMH8L3t1enZPR3WFEmSTADlqldyHtJi3o=
go.opentelemetry.io/otel/sdk v1.19.0/go.mod h1:NedEbbS4w3C6zElbLdPJKOpJQOrGUJ+GfzpjUvI0v1A=
go.opentelemetry.io/otel/trace v1.19.0 h1:DFVQmlVbfVeOuBRrwdtaehRrWiL1JoVs9CPIQ1Dzxpg=
go.opentelemetry.io/otel/trace v1.19.0/go.mod h1:mfaSyvGyEJEI0nyV2I4qhNQnbBOUUmYZpYojqMnX2vo=
go.opentelemetry.io/proto/otlp v1.0.0 h1:T0TX0tmXU8a3CbNXzEKGeU5mIVOdf0oykP+u2lIVU/I=
go.opentelemetry.io/proto/otlp v1.0.0/go.mod h1:Sy6pihPLfYHkr3NkUbEhGHFhINUSI/v80hjKIs5JXpM=
go.uber.org/atomic v1.10.0 h1:9qC72Qh0+3MqyJbAn8YU5xVq1frD8bn3JtD2oXtafVQ=
go.uber.org/atomic v1.10.0/go.mod h1:LUxbIzbOniOlMKjJjyPfpl4v+PKK2cNJn91OQbhoJI0=
go.uber.org/automaxprocs v1.5.3 h1:kWazyxZUrS3Gs4qUpbwo5kEIMGe/DAvi5Z4tl2NW4j8=
go.uber.org/automaxprocs v1.5.3/go.mod h1:eRbA25aqJrxAbsLO0xy5jVwPt7FQnRgjW+efnwa1WM0=
go.uber.org/goleak v1.2.1 h1:NBol2c7O1ZokfZ0LEU9K6Whx/KnwvepVetCUhtKja4A=
go.uber.org/goleak v1.2.1/go.mod h1:qlT2yGI9QafXHhZZLxlSuNsMw3FFLxBr+tBRlmO1xH4=
go.uber.org/multierr v1.9.0 h1:7fIwc/ZtS0q++VgcfqFDxSBZVv/Xo49/SYnDFupUwlI=
go.uber.org/multierr v1.9.0/go.mod h1:X2jQV1h+kxSjClGpnseKVIxpmcjrj7MNnI0bnlfKTVQ=
go.uber.org/zap v1.24.0 h1:FiJd5l1UOLj0wCgbSE0rwwXHzEdAZS6hiiSnxJN/D60=
go.uber.org/zap v1.24.0/go.mod h1:2kMP+WWQ8aoFoedH3T2sq6iJ2yDWpHbP0f6MQbS9Gkg=
golang.org/x/crypto v0.0.0-20190308221718-c2843e01d9a2/go.mod h1:djNgcEr1/C05ACkg1iLfiJU5Ep61QUkGW8qpdssI0+w=
golang.org/x/crypto v0.0.0-20191011191535-87dc89f01550/go.mod h1:yigFU9vqHzYiE8UmvKecakEJjdnWj3jj499lnFckfCI=
golang.org/x/crypto v0.0.0-20200302210943-78000ba7a073/go.mod h1:LzIPMQfyMNhhGPhUkYOs5KpL4U8rLKemX1yGLhDgUto=
golang.org/x/crypto v0.0.0-20200622213623-75b288015ac9/go.mod h1:LzIPMQfyMNhhGPhUkYOs5KpL4U8rLKemX1yGLhDgUto=
golang.org/x/crypto v0.0.0-20210921155107-089bfa567519/go.mod h1:GvvjBRRGRdwPK5ydBHafDWAxML/pGHZbMvKqRZ5+Abc=
golang.org/x/crypto v0.0.0-20220622213112-05595931fe9d/go.mod h1:IxCIyHEi3zRg3s0A5j5BB6A9Jmi73HwBIUl50j+osU4=
golang.org/x/crypto v0.19.0 h1:ENy+Az/9Y1vSrlrvBSyna3PITt4tiZLf7sgCjZBX7Wo=
golang.org/x/crypto v0.19.0/go.mod h1:Iy9bg/ha4yyC70EfRS8jz+B6ybOBKMaSxLj6P6oBDfU=
golang.org/x/mod v0.2.0/go.mod h1:s0Qsj1ACt9ePp/hMypM3fl4fZqREWJwdYDEqhRiZZUA=
golang.org/x/mod v0.3.0/go.mod h1:s0Qsj1ACt9ePp/hMypM3fl4fZqREWJwdYDEqhRiZZUA=
golang.org/x/mod v0.4.2/go.mod h1:s0Qsj1ACt9ePp/hMypM3fl4fZqREWJwdYDEqhRiZZUA=
golang.org/x/mod v0.6.0-dev.0.20220419223038-86c51ed26bb4/go.mod h1:jJ57K6gSWd91VN4djpZkiMVwK6gcyfeH4XE8wZrZaV4=
golang.org/x/net v0.0.0-20190404232315-eb5bcb51f2a3/go.mod h1:t9HGtf8HONx5eT2rtn7q6eTqICYqUVnKs3thJo3Qplg=
golang.org/x/net v0.0.0-20190620200207-3b0461eec859/go.mod h1:z5CRVTTTmAJ677TzLLGU+0bjPO0LkuOLi4/5GtJWs/s=
golang.org/x/net v0.0.0-20200226121028-0de0cce0169b/go.mod h1:z5CRVTTTmAJ677TzLLGU+0bjPO0LkuOLi4/5GtJWs/s=
golang.org/x/net v0.0.0-20201021035429-f5854403a974/go.mod h1:sp8m0HH+o8qH0wwXwYZr8TS3Oi6o0r6Gce1SSxlDquU=
golang.org/x/net v0.0.0-20210226172049-e18ecbb05110/go.mod h1:m0MpNAwzfU5UDzcl9v0D8zg8gWTRqZa9RBIspLL5mdg=
golang.org/x/net v0.0.0-20210405180319-a5a99cb37ef4/go.mod h1:p54w0d4576C0XHj96bSt6lcn1PtDYWL6XObtHCRCNQM=
golang.org/x/net v0.0.0-20211112202133-69e39bad7dc2/go.mod h1:9nx3DQGgdP8bBQD5qxJ1jj9UTztislL4KSBs9R2vV5Y=
golang.org/x/net v0.0.0-20220722155237-a158d28d115b/go.mod h1:XRhObCWvk6IyKnWLug+ECip1KBveYUHfp+8e9klMJ9c=
golang.org/x/net v0.21.0 h1:AQyQV4dYCvJ7vGmJyKki9+PBdyvhkSd8EIx/qb0AYv4=
golang.org/x/net v0.21.0/go.mod h1:bIjVDfnllIU7BJ2DNgfnXvpSvtn8VRwhlsaeUTyUS44=
golang.org/x/oauth2 v0.16.0 h1:aDkGMBSYxElaoP81NpoUoz2oo2R2wHdZpGToUxfyQrQ=
golang.org/x/oauth2 v0.16.0/go.mod h1:hqZ+0LWXsiVoZpeld6jVt06P3adbS2Uu911W1SsJv2o=
golang.org/x/sync v0.0.0-20190423024810-112230192c58/go.mod h1:RxMgew5VJxzue5/jJTE5uejpjVlOe/izrB70Jof72aM=
golang.org/x/sync v0.0.0-20190911185100-cd5d95a43a6e/go.mod h1:RxMgew5VJxzue5/jJTE5uejpjVlOe/izrB70Jof72aM=
golang.org/x/sync v0.0.0-20201020160332-67f06af15bc9/go.mod h1:RxMgew5VJxzue5/jJTE5uejpjVlOe/izrB70Jof72aM=
golang.org/x/sync v0.0.0-20210220032951-036812b2e83c/go.mod h1:RxMgew5VJxzue5/jJTE5uejpjVlOe/izrB70Jof72aM=
golang.org/x/sync v0.0.0-20220722155255-886fb9371eb4/go.mod h1:RxMgew5VJxzue5/jJTE5uejpjVlOe/izrB70Jof72aM=
golang.org/x/sync v0.6.0 h1:5BMeUDZ7vkXGfEr1x9B4bRcTH4lpkTkpdh0T/J+qjbQ=
golang.org/x/sync v0.6.0/go.mod h1:Czt+wKu1gCyEFDUtn0jG5QVvpJ6rzVqr5aXyt9drQfk=
golang.org/x/sys v0.0.0-20190204203706-41f3e6584952/go.mod h1:STP8DvDyc/dI5b8T5hshtkjS+E42TnysNCUPdjciGhY=
golang.org/x/sys v0.0.0-20190215142949-d0b11bdaac8a/go.mod h1:STP8DvDyc/dI5b8T5hshtkjS+E42TnysNCUPdjciGhY=
golang.org/x/sys v0.0.0-20190412213103-97732733099d/go.mod h1:h1NjWce9XRLGQEsW7wpKNCjG9DtNlClVuFLEZdDNbEs=
golang.org/x/sys v0.0.0-20200930185726-fdedc70b468f/go.mod h1:h1NjWce9XRLGQEsW7wpKNCjG9DtNlClVuFLEZdDNbEs=
golang.org/x/sys v0.0.0-20201119102817-f84b799fce68/go.mod h1:h1NjWce9XRLGQEsW7wpKNCjG9DtNlClVuFLEZdDNbEs=
golang.org/x/sys v0.0.0-20210330210617-4fbd30eecc44/go.mod h1:h1NjWce9XRLGQEsW7wpKNCjG9DtNlClVuFLEZdDNbEs=
golang.org/x/sys v0.0.0-20210423082822-04245dca01da/go.mod h1:h1NjWce9XRLGQEsW7wpKNCjG9DtNlClVuFLEZdDNbEs=
golang.org/x/sys v0.0.0-20210510120138-977fb7262007/go.mod h1:oPkhp1MJrh7nUepCBck5+mAzfO9JrbApNNgaTdGDITg=
golang.org/x/sys v0.0.0-20210615035016-665e8c7367d1/go.mod h1:oPkhp1MJrh7nUepCBck5+mAzfO9JrbApNNgaTdGDITg=
golang.org/x/sys v0.0.0-20220520151302-bc2c85ada10a/go.mod h1:oPkhp1MJrh7nUepCBck5+mAzfO9JrbApNNgaTdGDITg=
golang.org/x/sys v0.0.0-20220722155257-8c9f86f7a55f/go.mod h1:oPkhp1MJrh7nUepCBck5+mAzfO9JrbApNNgaTdGDITg=
golang.org/x/sys v0.0.0-20220811171246-fbc7d0a398ab/go.mod h1:oPkhp1MJrh7nUepCBck5+mAzfO9JrbApNNgaTdGDITg=
golang.org/x/sys v0.6.0/go.mod h1:oPkhp1MJrh7nUepCBck5+mAzfO9JrbApNNgaTdGDITg=
golang.org/x/sys v0.17.0 h1:25cE3gD+tdBA7lp7QfhuV+rJiE9YXTcS3VG1SqssI/Y=
golang.org/x/sys v0.17.0/go.mod h1:/VUhepiaJMQUp4+oa/7Zr1D23ma6VTLIYjOOTFZPUcA=
golang.org/x/term v0.0.0-20201126162022-7de9c90e9dd1/go.mod h1:bj7SfCRtBDWHUb9snDiAeCFNEtKQo2Wmx5Cou7ajbmo=
golang.org/x/term v0.0.0-20210927222741-03fcf44c2211/go.mod h1:jbD1KX2456YbFQfuXm/mYQcufACuNUgVhRMnK/tPxf8=
golang.org/x/term v0.17.0 h1:mkTF7LCd6WGJNL3K1Ad7kwxNfYAW6a8a8QqtMblp/4U=
golang.org/x/term v0.17.0/go.mod h1:lLRBjIVuehSbZlaOtGMbcMncT+aqLLLmKrsjNrUguwk=
golang.org/x/text v0.3.0/go.mod h1:NqM8EUOU14njkJ3fqMW+pc6Ldnwhi/IjpwHt7yyuwOQ=
golang.org/x/text v0.3.3/go.mod h1:5Zoc/QRtKVWzQhOtBMvqHzDpF6irO9z98xDceosuGiQ=
golang.org/x/text v0.3.6/go.mod h1:5Zoc/QRtKVWzQhOtBMvqHzDpF6irO9z98xDceosuGiQ=
golang.org/x/text v0.3.7/go.mod h1:u+2+/6zg+i71rQMx5EYifcz6MCKuco9NR6JIITiCfzQ=
golang.org/x/text v0.3.8/go.mod h1:E6s5w1FMmriuDzIBO73fBruAKo1PCIq6d2Q6DHfQ8WQ=
golang.org/x/text v0.7.0/go.mod h1:mrYo+phRRbMaCq/xk9113O4dZlRixOauAjOtrjsXDZ8=
golang.org/x/text v0.14.0 h1:ScX5w1eTa3QqT8oi6+ziP7dTV1S2+ALU0bI+0zXKWiQ=
golang.org/x/text v0.14.0/go.mod h1:18ZOQIKpY8NJVqYksKHtTdi31H5itFRjB5/qKTNYzSU=
golang.org/x/time v0.5.0 h1:o7cqy6amK/52YcAKIPlM3a+Fpj35zvRj2TP+e1xFSfk=
golang.org/x/time v0.5.0/go.mod h1:3BpzKBy/shNhVucY/MWOyx10tF3SFh9QdLuxbVysPQM=
golang.org/x/tools v0.0.0-20180917221912-90fa682c2a6e/go.mod h1:n7NCudcB/nEzxVGmLbDWY5pfWTLqBcC2KZ6jyYvM4mQ=
golang.org/x/tools v0.0.0-20191119224855-298f0cb1881e/go.mod h1:b+2E5dAYhXwXZwtnZ6UAqBI28+e2cm9otk0dWdXHAEo=
golang.org/x/tools v0.0.0-20200619180055-7c47624df98f/go.mod h1:EkVYQZoAsY45+roYkvgYkIh4xh/qjgUK9TdY2XT94GE=
golang.org/x/tools v0.0.0-20210106214847-113979e3529a/go.mod h1:emZCQorbCU4vsT4fOWvOPXz4eW1wZW4PmDk9uLelYpA=
golang.org/x/tools v0.1.1/go.mod h1:o0xws9oXOQQZyjljx8fwUC0k7L1pTE6eaCbjGeHmOkk=
golang.org/x/tools v0.1.12/go.mod h1:hNGJHUnrk76NpqgfD5Aqm5Crs+Hm0VOH/i9J2+nxYbc=
golang.org/x/tools v0.16.1 h1:TLyB3WofjdOEepBHAU20JdNC1Zbg87elYofWYAY5oZA=
golang.org/x/xerrors v0.0.0-20190717185122-a985d3407aa7/go.mod h1:I/5z698sn9Ka8TeJc9MKroUUfqBBauWjQqLJ2OPfmY0=
golang.org/x/xerrors v0.0.0-20191011141410-1b5146add898/go.mod h1:I/5z698sn9Ka8TeJc9MKroUUfqBBauWjQqLJ2OPfmY0=
golang.org/x/xerrors v0.0.0-20191204190536-9bdfabe68543/go.mod h1:I/5z698sn9Ka8TeJc9MKroUUfqBBauWjQqLJ2OPfmY0=
golang.org/x/xerrors v0.0.0-20200804184101-5ec99f83aff1/go.mod h1:I/5z698sn9Ka8TeJc9MKroUUfqBBauWjQqLJ2OPfmY0=
google.golang.org/appengine v1.6.8 h1:IhEN5q69dyKagZPYMSdIjS2HqprW324FRQZJcGqPAsM=
google.golang.org/appengine v1.6.8/go.mod h1:1jJ3jBArFh5pcgW8gCtRJnepW8FzD1V44FJffLiz/Ds=
google.golang.org/genproto v0.0.0-20240123012728-ef4313101c80 h1:KAeGQVN3M9nD0/bQXnr/ClcEMJ968gUXJQ9pwfSynuQ=
google.golang.org/genproto v0.0.0-20240123012728-ef4313101c80/go.mod h1:cc8bqMqtv9gMOr0zHg2Vzff5ULhhL2IXP4sbcn32Dro=
google.golang.org/genproto/googleapis/api v0.0.0-20240123012728-ef4313101c80 h1:Lj5rbfG876hIAYFjqiJnPHfhXbv+nzTWfm04Fg/XSVU=
google.golang.org/genproto/googleapis/api v0.0.0-20240123012728-ef4313101c80/go.mod h1:4jWUdICTdgc3Ibxmr8nAJiiLHwQBY0UI0XZcEMaFKaA=
google.golang.org/genproto/googleapis/rpc v0.0.0-20240123012728-ef4313101c80 h1:AjyfHzEPEFp/NpvfN5g+KDla3EMojjhRVZc1i7cj+oM=
google.golang.org/genproto/googleapis/rpc v0.0.0-20240123012728-ef4313101c80/go.mod h1:PAREbraiVEVGVdTZsVWjSbbTtSyGbAgIIvni8a8CD5s=
google.golang.org/grpc v1.62.0 h1:HQKZ/fa1bXkX1oFOvSjmZEUL8wLSaZTjCcLAlmZRtdk=
google.golang.org/grpc v1.62.0/go.mod h1:IWTG0VlJLCh1SkC58F7np9ka9mx/WNkjl4PGJaiq+QE=
google.golang.org/protobuf v1.26.0-rc.1/go.mod h1:jlhhOSvTdKEhbULTjvd4ARK9grFBp09yW+WbY/TyQbw=
google.golang.org/protobuf v1.26.0/go.mod h1:9q0QmTI4eRPtz6boOQmLYwt+qCgq0jsYwAQnmE0givc=
google.golang.org/protobuf v1.32.0 h1:pPC6BG5ex8PDFnkbrGU3EixyhKcQ2aDuBS36lqK/C7I=
google.golang.org/protobuf v1.32.0/go.mod h1:c6P6GXX6sHbq/GpV6MGZEdwhWPcYBgnhAHhKbcUYpos=
gopkg.in/check.v1 v0.0.0-20161208181325-20d25e280405/go.mod h1:Co6ibVJAznAaIkqp8huTwlJQCZ016jof/cbN4VW5Yz0=
gopkg.in/check.v1 v1.0.0-20201130134442-10cb98267c6c h1:Hei/4ADfdWqJk1ZMxUNpqntNwaWcugrBjAiHlqqRiVk=
gopkg.in/check.v1 v1.0.0-20201130134442-10cb98267c6c/go.mod h1:JHkPIbrfpd72SG/EVd6muEfDQjcINNoR0C8j2r3qZ4Q=
gopkg.in/cheggaaa/pb.v1 v1.0.28 h1:n1tBJnnK2r7g9OW2btFH91V92STTUevLXYFb8gy9EMk=
gopkg.in/cheggaaa/pb.v1 v1.0.28/go.mod h1:V/YB90LKu/1FcN3WVnfiiE5oMCibMjukxqG/qStrOgw=
gopkg.in/h2non/gock.v1 v1.1.2 h1:jBbHXgGBK/AoPVfJh5x4r/WxIrElvbLel8TCZkkZJoY=
gopkg.in/h2non/gock.v1 v1.1.2/go.mod h1:n7UGz/ckNChHiK05rDoiC4MYSunEC/lyaUm2WWaDva0=
gopkg.in/inf.v0 v0.9.1 h1:73M5CoZyi3ZLMOyDlQh031Cx6N9NDJ2Vvfl76EDAgDc=
gopkg.in/inf.v0 v0.9.1/go.mod h1:cWUDdTG/fYaXco+Dcufb5Vnc6Gp2YChqWtbxRZE0mXw=
gopkg.in/yaml.v2 v2.2.8/go.mod h1:hI93XBmqTisBFMUTm0b8Fm+jr3Dg1NNxqwp+5A1VGuI=
gopkg.in/yaml.v2 v2.4.0 h1:D8xgwECY7CYvx+Y2n4sBz93Jn9JRvxdiyyo8CTfuKaY=
gopkg.in/yaml.v2 v2.4.0/go.mod h1:RDklbk79AGWmwhnvt/jBztapEOGDOx6ZbXqjP6csGnQ=
gopkg.in/yaml.v3 v3.0.0-20200313102051-9f266ea9e77c/go.mod h1:K4uyk7z7BCEPqu6E+C64Yfv1cQ7kz7rIZviUmN+EgEM=
gopkg.in/yaml.v3 v3.0.1 h1:fxVm/GzAzEWqLHuvctI91KS9hhNmmWOoWu0XTYJS7CA=
gopkg.in/yaml.v3 v3.0.1/go.mod h1:K4uyk7z7BCEPqu6E+C64Yfv1cQ7kz7rIZviUmN+EgEM=
k8s.io/api v0.29.2 h1:hBC7B9+MU+ptchxEqTNW2DkUosJpp1P+Wn6YncZ474A=
k8s.io/api v0.29.2/go.mod h1:sdIaaKuU7P44aoyyLlikSLayT6Vb7bvJNCX105xZXY0=
k8s.io/apimachinery v0.29.2 h1:EWGpfJ856oj11C52NRCHuU7rFDwxev48z+6DSlGNsV8=
k8s.io/apimachinery v0.29.2/go.mod h1:6HVkd1FwxIagpYrHSwJlQqZI3G9LfYWRPAkUvLnXTKU=
k8s.io/client-go v0.29.2 h1:FEg85el1TeZp+/vYJM7hkDlSTFZ+c5nnK44DJ4FyoRg=
k8s.io/client-go v0.29.2/go.mod h1:knlvFZE58VpqbQpJNbCbctTVXcd35mMyAAwBdpt4jrA=
k8s.io/klog/v2 v2.110.1 h1:U/Af64HJf7FcwMcXyKm2RPM22WZzyR7OSpYj5tg3cL0=
k8s.io/klog/v2 v2.110.1/go.mod h1:YGtd1984u+GgbuZ7e08/yBuAfKLSO0+uR1Fhi6ExXjo=
k8s.io/kube-openapi v0.0.0-20231010175941-2dd684a91f00 h1:aVUu9fTY98ivBPKR9Y5w/AuzbMm96cd3YHRTU83I780=
k8s.io/kube-openapi v0.0.0-20231010175941-2dd684a91f00/go.mod h1:AsvuZPBlUDVuCdzJ87iajxtXuR9oktsTctW/R9wwouA=
k8s.io/utils v0.0.0-20230726121419-3b25d923346b h1:sgn3ZU783SCgtaSJjpcVVlRqd6GSnlTLKgpAAttJvpI=
k8s.io/utils v0.0.0-20230726121419-3b25d923346b/go.mod h1:OLgZIPagt7ERELqWJFomSt595RzquPNLL48iOWgYOg0=
sigs.k8s.io/json v0.0.0-20221116044647-bc3834ca7abd h1:EDPBXCAspyGV4jQlpZSudPeMmr1bNJefnuqLsRAsHZo=
sigs.k8s.io/json v0.0.0-20221116044647-bc3834ca7abd/go.mod h1:B8JuhiUyNFVKdsE8h686QcCxMaH6HrOAZj4vswFpcB0=
sigs.k8s.io/structured-merge-diff/v4 v4.4.1 h1:150L+0vs/8DA78h1u02ooW1/fFq/Lwr+sGiqlzvrtq4=
sigs.k8s.io/structured-merge-diff/v4 v4.4.1/go.mod h1:N8hJocpFajUSSeSJ9bOZ77VzejKZaXsTtZo4/u7Io08=
sigs.k8s.io/yaml v1.3.0 h1:a2VclLzOGrwOHDiV8EfBGhvjHvP46CtW5j6POvhYGGo=
sigs.k8s.io/yaml v1.3.0/go.mod h1:GeOyir5tyXNByN85N/dRIT9es5UQNerPYEKK56eTBm8=
