filippo.io/edwards25519 v1.2.0 h1:crnVqOiS4jqYleHd9vaKZ+HKtHfllngJIiOpNpoJsjo=
filippo.io/edwards25519 v1.2.0/go.mod h1:xzAOLCNug/yB62zG1bQ8uziwrIqIuxhctzJT18Q77mc=
github.com/DATA-DOG/go-sqlmock v1.5.2 h1:OcvFkGmslmlZibjAjaHm3L//6LiuBgolP7OputlJIzU=
github.com/DATA-DOG/go-sqlmock v1.5.2/go.mod h1:88MAG/4G7SMwSE3CeA0ZKzrT5CiOU3OJ+JlNzwDqpNU=
github.com/alicebob/miniredis/v2 v2.38.0 h1:nZAzCR+Lj+Vxk4ZXzm2NuKq2O33RXj1XxJ2e2uP9jiw=
github.com/alicebob/miniredis/v2 v2.38.0/go.mod h1:TcL7YfarKPGDAthEtl5NBeHZfeUQj6OXMm/+iu5cLMM=
github.com/beorn7/perks v1.0.1 h1:VlbKKnNfV8bJzeqoa4cOKqO6bYr3WgKZxO8Z16+hsOM=
github.com/beorn7/perks v1.0.1/go.mod h1:G2ZrVWU2WbWT9wwq4/hrbKbnv/1ERSJQ0ibhJ6rlkpw=
github.com/bsm/ginkgo/v2 v2.12.0 h1:Ny8MWAHyOepLGlLKYmXG4IEkioBysk6GpaRTLC8zwWs=
github.com/bsm/ginkgo/v2 v2.12.0/go.mod h1:SwYbGRRDovPVboqFv0tPTcG1sN61LM1Z4ARdbAV9g4c=
github.com/bsm/gomega v1.27.10 h1:yeMWxP2pV2fG3FgAODIY8EiRE3dy0aeFYt4l7wh6yKA=
github.com/bsm/gomega v1.27.10/go.mod h1:JyEr/xRbxbtgWNi8tIEVPUYZ5Dzef52k01W3YH0H+O0=
github.com/bufbuild/protocompile v0.14.1 h1:iA73zAf/fyljNjQKwYzUHD6AD4R8KMasmwa/FBatYVw=
github.com/bufbuild/protocompile v0.14.1/go.mod h1:ppVdAIhbr2H8asPk6k4pY7t9zB1OU5DoEw9xY/FUi1c=
github.com/cenkalti/backoff/v5 v5.0.3 h1:ZN+IMa753KfX5hd8vVaMixjnqRZ3y8CuJKRKj1xcsSM=
github.com/cenkalti/backoff/v5 v5.0.3/go.mod h1:rkhZdG3JZukswDf7f0cwqPNk4K0sa+F97BxZthm/crw=
github.com/cespare/xxhash/v2 v2.3.0 h1:UL815xU9SqsFlibzuggzjXhog7bL6oX9BbNZnL2UFvs=
github.com/cespare/xxhash/v2 v2.3.0/go.mod h1:VGX0DQ3Q6kWi7AoAeZDth3/j3BFtOZR5XLFGgcrjCOs=
github.com/clipperhouse/uax29/v2 v2.2.0 h1:ChwIKnQN3kcZteTXMgb1wztSgaU+ZemkgWdohwgs8tY=
github.com/clipperhouse/uax29/v2 v2.2.0/go.mod h1:EFJ2TJMRUaplDxHKj1qAEhCtQPW2tJSwu5BF98AuoVM=
github.com/cncf/xds/go v0.0.0-20260202195803-dba9d589def2 h1:aBangftG7EVZoUb69Os8IaYg++6uMOdKK83QtkkvJik=
github.com/cncf/xds/go v0.0.0-20260202195803-dba9d589def2/go.mod h1:qwXFYgsP6T7XnJtbKlf1HP8AjxZZyzxMmc+Lq5GjlU4=
github.com/coreos/go-semver v0.3.1 h1:yi21YpKnrx1gt5R+la8n5WgS0kCrsPp33dmEyHReZr4=
github.com/coreos/go-semver v0.3.1/go.mod h1:irMmmIw/7yzSRPWryHsK7EYSg09caPQL03VsM8rvUec=
github.com/coreos/go-systemd/v22 v22.7.0 h1:LAEzFkke61DFROc7zNLX/WA2i5J8gYqe0rSj9KI28KA=
github.com/coreos/go-systemd/v22 v22.7.0/go.mod h1:xNUYtjHu2EDXbsxz1i41wouACIwT7Ybq9o0BQhMwD0w=
github.com/creack/pty v1.1.9/go.mod h1:oKZEueFk5CKHvIhNR5MUki03XCEU+Q6VDXinZuGJ33E=
github.com/davecgh/go-spew v1.1.0/go.mod h1:J7Y8YcW2NihsgmVo/mv3lAwl/skON4iLHjSsI+c5H38=
github.com/davecgh/go-spew v1.1.1 h1:vj9j/u1bqnvCEfJOwUhtlOARqs3+rkHYY13jYWTU97c=
github.com/davecgh/go-spew v1.1.1/go.mod h1:J7Y8YcW2NihsgmVo/mv3lAwl/skON4iLHjSsI+c5H38=
github.com/emicklei/go-restful/v3 v3.13.0 h1:C4Bl2xDndpU6nJ4bc1jXd+uTmYPVUwkD6bFY/oTyCes=
github.com/emicklei/go-restful/v3 v3.13.0/go.mod h1:6n3XBCmQQb25CM2LCACGz8ukIrRry+4bhvbpWn3mrbc=
github.com/envoyproxy/go-control-plane/envoy v1.37.0 h1:u3riX6BoYRfF4Dr7dwSOroNfdSbEPe9Yyl09/B6wBrQ=
github.com/envoyproxy/go-control-plane/envoy v1.37.0/go.mod h1:DReE9MMrmecPy+YvQOAOHNYMALuowAnbjjEMkkWOi6A=
github.com/envoyproxy/protoc-gen-validate v1.3.3 h1:MVQghNeW+LZcmXe7SY1V36Z+WFMDjpqGAGacLe2T0ds=
github.com/envoyproxy/protoc-gen-validate v1.3.3/go.mod h1:TsndJ/ngyIdQRhMcVVGDDHINPLWB7C82oDArY51KfB0=
github.com/fatih/color v1.18.0 h1:S8gINlzdQ840/4pfAwic/ZE0djQEH3wM94VfqLTZcOM=
github.com/fatih/color v1.18.0/go.mod h1:4FelSpRwEGDpQ12mAdzqdOukCy4u8WUtOY6lkT/6HfU=
github.com/fullstorydev/grpcurl v1.9.3 h1:PC1Xi3w+JAvEE2Tg2Gf2RfVgPbf9+tbuQr1ZkyVU3jk=
github.com/fullstorydev/grpcurl v1.9.3/go.mod h1:/b4Wxe8bG6ndAjlfSUjwseQReUDUvBJiFEB7UllOlUE=
github.com/fxamacker/cbor/v2 v2.9.2 h1:X4Ksno9+x3cz0TZv69ec1hxP/+tymuR8PXQJyDwfh78=
github.com/fxamacker/cbor/v2 v2.9.2/go.mod h1:vM4b+DJCtHn+zz7h3FFp/hDAI9WNWCsZj23V5ytsSxQ=
github.com/go-jose/go-jose/v4 v4.1.4 h1:moDMcTHmvE6Groj34emNPLs/qtYXRVcd6S7NHbHz3kA=
github.com/go-jose/go-jose/v4 v4.1.4/go.mod h1:x4oUasVrzR7071A4TnHLGSPpNOm2a21K9Kf04k1rs08=
github.com/go-logr/logr v1.2.2/go.mod h1:jdQByPbusPIv2/zmleS9BjJVeZ6kBagPoEUsqbVz/1A=
github.com/go-logr/logr v1.4.4 h1:tG4xh9yMsRCAiodLVTxyrkzSZ9+o0L1Kg/+cPVcbP/8=
github.com/go-logr/logr v1.4.4/go.mod h1:9T104GzyrTigFIr8wt5mBrctHMim0Nb2HLGrmQ40KvY=
github.com/go-logr/stdr v1.2.2 h1:hSWxHoqTgW2S2qGc0LTAI563KZ5YKYRhT3MFKZMbjag=
github.com/go-logr/stdr v1.2.2/go.mod h1:mMo/vtBO5dYbehREoey6XUKy/eSumjCCveDpRre4VKE=
github.com/go-openapi/jsonpointer v0.19.6/go.mod h1:osyAmYz/mB/C3I+WsTTSgw1ONzaLJoLCyoi6/zppojs=
github.com/go-openapi/jsonpointer v0.21.0 h1:YgdVicSA9vH5RiHs9TZW5oyafXZFc6+2Vc1rr/O9oNQ=
github.com/go-openapi/jsonpointer v0.21.0/go.mod h1:IUyH9l/+uyhIYQ/PXVA41Rexl+kOkAPDdXEYns6fzUY=
github.com/go-openapi/jsonreference v0.20.2 h1:3sVjiK66+uXK/6oQ8xgcRKcFgQ5KXa2KvnJRumpMGbE=
github.com/go-openapi/jsonreference v0.20.2/go.mod h1:Bl1zwGIM8/wsvqjsOQLJ/SH+En5Ap4rVB5KVcIDZG2k=
github.com/go-openapi/swag v0.22.3/go.mod h1:UzaqsxGiab7freDnrUUra0MwWfN/q7tE4j+VcZ0yl14=
github.com/go-openapi/swag v0.23.0 h1:vsEVJDUo2hPJ2tu0/Xc+4noaxyEffXNIs3cOULZ+GrE=
github.com/go-openapi/swag v0.23.0/go.mod h1:esZ8ITTYEsH1V2trKHjAN8Ai7xHb8RV+YSZ577vPjgQ=
github.com/go-sql-driver/mysql v1.10.0 h1:Q+1LV8DkHJvSYAdR83XzuhDaTykuDx0l6fkXxoWCWfw=
github.com/go-sql-driver/mysql v1.10.0/go.mod h1:M+cqaI7+xxXGG9swrdeUIoPG3Y3KCkF0pZej+SK+nWk=
github.com/go-task/slim-sprig v0.0.0-20230315185526-52ccab3ef572 h1:tfuBGBXKqDEevZMzYi5KSi8KkcZtzBcTgAUUtapy0OI=
github.com/go-task/slim-sprig/v3 v3.0.0 h1:sUs3vkvUymDpBKi3qH1YSqBQk9+9D/8M2mN1vB6EwHI=
github.com/go-task/slim-sprig/v3 v3.0.0/go.mod h1:W848ghGpv3Qj3dhTPRyJypKRiqCdHZiAzKg9hl15HA8=
github.com/gogo/protobuf v1.3.2 h1:Ov1cvc58UF3b5XjBnZv7+opcTcQFZebYjWzi34vdm4Q=
github.com/gogo/protobuf v1.3.2/go.mod h1:P1XiOD3dCwIKUDQYPy72D8LYyHL2YPYrpS2s69NZV8Q=
github.com/golang-jwt/jwt/v4 v4.5.2 h1:YtQM7lnr8iZ+j5q71MGKkNw9Mn7AjHM68uc9g5fXeUI=
github.com/golang-jwt/jwt/v4 v4.5.2/go.mod h1:m21LjoU+eqJr34lmDMbreY2eSTRJ1cv77w39/MY0Ch0=
github.com/golang-jwt/jwt/v5 v5.3.1 h1:kYf81DTWFe7t+1VvL7eS+jKFVWaUnK9cB1qbwn63YCY=
github.com/golang-jwt/jwt/v5 v5.3.1/go.mod h1:fxCRLWMO43lRc8nhHWY6LGqRcf+1gQWArsqaEUEa5bE=
github.com/golang/protobuf v1.5.4 h1:i7eJL8qZTpSEXOPTxNKhASYpMn+8e5Q6AdndVa1dWek=
github.com/golang/protobuf v1.5.4/go.mod h1:lnTiLA8Wa4RWRcIUkrtSVa5nRhsEGBg48fD6rSs7xps=
github.com/google/gnostic-models v0.7.1 h1:SisTfuFKJSKM5CPZkffwi6coztzzeYUhc3v4yxLWH8c=
github.com/google/gnostic-models v0.7.1/go.mod h1:whL5G0m6dmc5cPxKc5bdKdEN3UjI7OUGxBlw57miDrQ=
github.com/google/go-cmp v0.7.0 h1:wk8382ETsv4JYUZwIsn6YpYiWiBsYLSJiTsyBybVuN8=
github.com/google/go-cmp v0.7.0/go.mod h1:pXiqmnSA92OHEEa9HXL2W4E7lf9JzCmGVUdgjX3N/iU=
github.com/google/gofuzz v1.0.0/go.mod h1:dBl0BpW6vV/+mYPU4Po3pmUjxk6FQPldtuIdl/M65Eg=
github.com/google/jsonschema-go v0.4.3 h1:/DBOLZTfDow7pe2GmaJNhltueGTtDKICi8V8p+DQPd0=
github.com/google/jsonschema-go v0.4.3/go.mod h1:r5quNTdLOYEz95Ru18zA0ydNbBuYoo9tgaYcxEYhJVE=
github.com/google/pprof v0.0.0-20260709232956-b9395ee17fa0 h1:du0WGc8xSKq/++e0cglxhS/mXVqsR7+c7jLEi5Vqduw=
github.com/google/pprof v0.0.0-20260709232956-b9395ee17fa0/go.mod h1:MxpfABSjhmINe3F1It9d+8exIHFvUqtLIRCdOGNXqiI=
github.com/google/uuid v1.6.0 h1:NIvaJDMOsjHA8n1jAhLSgzrAzy1Hgr+hNrb57e+94F0=
github.com/google/uuid v1.6.0/go.mod h1:TIyPZe4MgqvfeYDBFedMoGGpEw/LqOeaOT+nhxU+yHo=
github.com/grafana/pyroscope-go v1.4.2 h1:0LW5HrUJXgGr9zF5gITP/HaFXN9/LsMiwlgVJAK75l0=
github.com/grafana/pyroscope-go v1.4.2/go.mod h1:Ej13Jr05rRJrjWvrrFhfh6gGYXtfibuukOs3Tl3Y7QQ=
github.com/grafana/pyroscope-go/godeltaprof v0.1.11 h1:el5LYpXissAiCKZ5/6yjlr6mhYVV6Cp5lahTocxraXM=
github.com/grafana/pyroscope-go/godeltaprof v0.1.11/go.mod h1:jl1V8M4cWsXciROCPIDDG7CtjSjT/ECbp6eLVuMxYRI=
github.com/grpc-ecosystem/grpc-gateway/v2 v2.29.0 h1:5VipnvEpbqr2gA2VbM+nYVbkIF28c5ZQfqCBQ5g2xfk=
github.com/grpc-ecosystem/grpc-gateway/v2 v2.29.0/go.mod h1:Hyl3n6Twe1hvtd9XUXDec4pTvgMSEixRuQKPTMH2bNs=
github.com/h2non/parth v0.0.0-20190131123155-b4df798d6542 h1:2VTzZjLZBgl62/EtslCrtky5vbi9dd7HrQPQIx6wqiw=
github.com/h2non/parth v0.0.0-20190131123155-b4df798d6542/go.mod h1:Ow0tF8D4Kplbc8s8sSb3V2oUCygFHVp8gC3Dn6U4MNI=
github.com/jackc/pgpassfile v1.0.0 h1:/6Hmqy13Ss2zCq62VdNG8tM1wchn8zjSGOBJ6icpsIM=
github.com/jackc/pgpassfile v1.0.0/go.mod h1:CEx0iS5ambNFdcRtxPj5JhEz+xB6uRky5eyVu/W2HEg=
github.com/jackc/pgservicefile v0.0.0-20240606120523-5a60cdf6a761 h1:iCEnooe7UlwOQYpKFhBabPMi4aNAfoODPEFNiAnClxo=
github.com/jackc/pgservicefile v0.0.0-20240606120523-5a60cdf6a761/go.mod h1:5TJZWKEWniPve33vlWYSoGYefn3gLQRzjfDlhSJ9ZKM=
github.com/jackc/pgx/v5 v5.9.2 h1:3ZhOzMWnR4yJ+RW1XImIPsD1aNSz4T4fyP7zlQb56hw=
github.com/jackc/pgx/v5 v5.9.2/go.mod h1:mal1tBGAFfLHvZzaYh77YS/eC6IX9OWbRV1QIIM0Jn4=
github.com/jackc/puddle/v2 v2.2.2 h1:PR8nw+E/1w0GLuRFSmiioY6UooMp6KJv0/61nB7icHo=
github.com/jackc/puddle/v2 v2.2.2/go.mod h1:vriiEXHvEE654aYKXXjOvZM39qJ0q+azkZFrfEOc3H4=
github.com/jhump/protoreflect v1.18.0 h1:TOz0MSR/0JOZ5kECB/0ufGnC2jdsgZ123Rd/k4Z5/2w=
github.com/jhump/protoreflect v1.18.0/go.mod h1:ezWcltJIVF4zYdIFM+D/sHV4Oh5LNU08ORzCGfwvTz8=
github.com/jhump/protoreflect/v2 v2.0.0-beta.2 h1:qZU+rEZUOYTz1Bnhi3xbwn+VxdXkLVeEpAeZzVXLY88=
github.com/jhump/protoreflect/v2 v2.0.0-beta.2/go.mod h1:4tnOYkB/mq7QTyS3YKtVtNrJv4Psqout8HA1U+hZtgM=
github.com/josharian/intern v1.0.0 h1:vlS4z54oSdjm0bgjRigI+G1HpF+tI+9rE5LLzOg8HmY=
github.com/josharian/intern v1.0.0/go.mod h1:5DoeVV0s6jJacbCEi61lwdGj/aVlrQvzHFFd8Hwg//Y=
github.com/json-iterator/go v1.1.12 h1:PV8peI4a0ysnczrg+LtxykD8LfKY9ML6u2jnxaEnrnM=
github.com/json-iterator/go v1.1.12/go.mod h1:e30LSqwooZae/UwlEbR2852Gd8hjQvJoHmT4TnhNGBo=
github.com/kisielk/errcheck v1.5.0/go.mod h1:pFxgyoBC7bSaBwPgfKdkLd5X25qrDl4LWUI2bnpBCr8=
github.com/kisielk/gotool v1.0.0/go.mod h1:XhKaO+MFFWcvkIS/tQcRk01m1F5IRFswLeQ+oQHNcck=
github.com/kisielk/sqlstruct v0.0.0-20201105191214-5f3e10d3ab46/go.mod h1:yyMNCyc/Ib3bDTKd379tNMpB/7/H5TjM2Y9QJ5THLbE=
github.com/klauspost/compress v1.19.1 h1:VsB4HPswih7mmZ8WleSFQ75c/Ui1M4trX5oAsJnhSlk=
github.com/klauspost/compress v1.19.1/go.mod h1:cwPg85FWrGar70rWktvGQj8/hthj3wpl0PGDogxkrSQ=
github.com/klauspost/cpuid/v2 v2.4.0 h1:S6Hrbc7+ywsr0r+RLapfGBHfyefhCTwEh3A0tV913Dw=
github.com/klauspost/cpuid/v2 v2.4.0/go.mod h1:19jmZ9mjzoF//ddRSUsv0zfBTJWh3QJh9FNxZTMrGxU=
github.com/kr/pretty v0.2.1/go.mod h1:ipq/a2n7PKx3OHsz4KJII5eveXtPO4qwEXGdVfWzfnI=
github.com/kr/pretty v0.3.1 h1:flRD4NNwYAUpkphVc1HcthR4KEIFJ65n8Mw5qdRn3LE=
github.com/kr/pretty v0.3.1/go.mod h1:hoEshYVHaxMs3cyo3Yncou5ZscifuDolrwPKZanG3xk=
github.com/kr/pty v1.1.1/go.mod h1:pFQYn66WHrOpPYNljwOMqo10TkYh1fy3cYio2l3bCsQ=
github.com/kr/text v0.1.0/go.mod h1:4Jbv+DJW3UT/LiOwJeYQe1efqtUx/iVham/4vfdArNI=
github.com/kr/text v0.2.0 h1:5Nx0Ya0ZqY2ygV366QzturHI13Jq95ApcVaJBhpS+AY=
github.com/kr/text v0.2.0/go.mod h1:eLer722TekiGuMkidMxC/pM04lWEeraHUUmBw8l2grE=
github.com/kylelemons/godebug v1.1.0 h1:RPNrshWIDI6G2gRW9EHilWtl7Z6Sb1BR0xunSBf0SNc=
github.com/kylelemons/godebug v1.1.0/go.mod h1:9/0rRGxNHcop5bhtWyNeEfOS8JIWk580+fNqagV/RAw=
github.com/mailru/easyjson v0.7.7/go.mod h1:xzfreul335JAWq5oZzymOObrkdz5UnU4kGfJJLY9Nlc=
github.com/mailru/easyjson v0.9.2 h1:dX8U45hQsZpxd80nLvDGihsQ/OxlvTkVUXH2r/8cb2M=
github.com/mailru/easyjson v0.9.2/go.mod h1:1+xMtQp2MRNVL/V1bOzuP3aP8VNwRW55fQUto+XFtTU=
github.com/mattn/go-colorable v0.1.15 h1:+u9SLTRGnXv73cEsnsmoZBom+dMU88B2M0aDcWy0/jY=
github.com/mattn/go-colorable v0.1.15/go.mod h1:6LmQG8QLFO4G5z1gPvYEzlUgJ2wF+stgPZH1UqBm1s8=
github.com/mattn/go-isatty v0.0.24 h1:tGZZoVgT/KiqK1c8ocVLeDS8BSWMRd47J3Lbz7vsReI=
github.com/mattn/go-isatty v0.0.24/go.mod h1:nMCL3Zebbrt45jsMDgnfIwz6ydEQApk5oEI3HqDio6A=
github.com/mattn/go-runewidth v0.0.27 h1:Feg/Oou5zI/wnpgDF6omIU0OokC9GxLC/WRknhVlIR0=
github.com/mattn/go-runewidth v0.0.27/go.mod h1:3qAiGCV4Koz/yuveO58qUefmUTRm8r0IGEXZ9jeHp/8=
github.com/modelcontextprotocol/go-sdk v1.4.1 h1:M4x9GyIPj+HoIlHNGpK2hq5o3BFhC+78PkEaldQRphc=
github.com/modelcontextprotocol/go-sdk v1.4.1/go.mod h1:Bo/mS87hPQqHSRkMv4dQq1XCu6zv4INdXnFZabkNU6s=
github.com/modern-go/concurrent v0.0.0-20180228061459-e0a39a4cb421/go.mod h1:6dJC0mAP4ikYIbvyc7fijjWJddQyLn8Ig3JB5CqoB9Q=
github.com/modern-go/concurrent v0.0.0-20180306012644-bacd9c7ef1dd h1:TRLaZ9cD/w8PVh93nsPXa1VrQ6jlwL5oN8l14QlcNfg=
github.com/modern-go/concurrent v0.0.0-20180306012644-bacd9c7ef1dd/go.mod h1:6dJC0mAP4ikYIbvyc7fijjWJddQyLn8Ig3JB5CqoB9Q=
github.com/modern-go/reflect2 v1.0.2/go.mod h1:yWuevngMOJpCy52FWWMvUC8ws7m/LJsjYzDa0/r8luk=
github.com/modern-go/reflect2 v1.0.3-0.20250322232337-35a7c28c31ee h1:W5t00kpgFdJifH4BDsTlE89Zl93FEloxaWZfGcifgq8=
github.com/modern-go/reflect2 v1.0.3-0.20250322232337-35a7c28c31ee/go.mod h1:yWuevngMOJpCy52FWWMvUC8ws7m/LJsjYzDa0/r8luk=
github.com/munnerz/goautoneg v0.0.0-20191010083416-a7dc8b61c822 h1:C3w9PqII01/Oq1c1nUAm88MOHcQC9l5mIlSMApZMrHA=
github.com/munnerz/goautoneg v0.0.0-20191010083416-a7dc8b61c822/go.mod h1:+n7T8mK8HuQTcFwEeznm/DIxMOiR9yIdICNftLE1DvQ=
github.com/nbio/st v0.0.0-20140626010706-e9e8d9816f32 h1:W6apQkHrMkS0Muv8G/TipAy/FJl/rCYT0+EuS8+Z0z4=
github.com/nbio/st v0.0.0-20140626010706-e9e8d9816f32/go.mod h1:9wM+0iRr9ahx58uYLpLIr5fm8diHn0JbqRycJi6w0Ms=
github.com/onsi/ginkgo/v2 v2.21.0 h1:7rg/4f3rB88pb5obDgNZrNHrQ4e6WpjonchcpuBRnZM=
github.com/onsi/ginkgo/v2 v2.21.0/go.mod h1:7Du3c42kxCUegi0IImZ1wUQzMBVecgIHjR1C+NkhLQo=
github.com/onsi/gomega v1.35.1 h1:Cwbd75ZBPxFSuZ6T+rN/WCb/gOc6YgFBXLlZLhC7Ds4=
github.com/onsi/gomega v1.35.1/go.mod h1:PvZbdDc8J6XJEpDK4HCuRBm8a6Fzp9/DmhC9C7yFlog=
github.com/openzipkin/zipkin-go v0.4.3 h1:9EGwpqkgnwdEIJ+Od7QVSEIH+ocmm5nPat0G7sjsSdg=
github.com/openzipkin/zipkin-go v0.4.3/go.mod h1:M9wCJZFWCo2RiY+o1eBCEMe0Dp2S5LDHcMZmk3RmK7c=
github.com/pelletier/go-toml/v2 v2.4.3 h1:GTRvJQutkOSftxIFD5xw9aepkYNuPWmVJpffdDPYVpY=
github.com/pelletier/go-toml/v2 v2.4.3/go.mod h1:2gIqNv+qfxSVS7cM2xJQKtLSTLUE9V8t9Stt+h56mCY=
github.com/petermattis/goid v0.0.0-20260725062400-500c67a39b75 h1:VmZ6mKVkxavKEhEy4ZYyV7BwBYBFBP0TwIqmLk84fpU=
github.com/petermattis/goid v0.0.0-20260725062400-500c67a39b75/go.mod h1:pxMtw7cyUw6B2bRH0ZBANSPg+AoSud1I1iyJHI69jH4=
github.com/planetscale/vtprotobuf v0.6.1-0.20240319094008-0393e58bdf10 h1:GFCKgmp0tecUJ0sJuv4pzYCqS9+RGSn52M3FUwPs+uo=
github.com/planetscale/vtprotobuf v0.6.1-0.20240319094008-0393e58bdf10/go.mod h1:t/avpk3KcrXxUnYOhZhMXJlSEyie6gQbtLq5NM3loB8=
github.com/pmezard/go-difflib v1.0.0 h1:4DBwDE0NGyQoBHbLQYPwSUPoCMWR5BEzIk/f1lZbAQM=
github.com/pmezard/go-difflib v1.0.0/go.mod h1:iKH77koFhYxTK1pcRnkKkqfTogsbg7gZNVY4sRDYZ/4=
github.com/prashantv/gostub v1.1.0 h1:BTyx3RfQjRHnUWaGF9oQos79AlQ5k8WNktv7VGvVH4g=
github.com/prashantv/gostub v1.1.0/go.mod h1:A5zLQHz7ieHGG7is6LLXLz7I8+3LZzsrV0P1IAHhP5U=
github.com/prometheus/client_golang v1.23.2 h1:Je96obch5RDVy3FDMndoUsjAhG5Edi49h0RJWRi/o0o=
github.com/prometheus/client_golang v1.23.2/go.mod h1:Tb1a6LWHB3/SPIzCoaDXI4I8UHKeFTEQ1YCr+0Gyqmg=
github.com/prometheus/client_model v0.6.2 h1:oBsgwpGs7iVziMvrGhE53c/GrLUsZdHnqNwqPLxwZyk=
github.com/prometheus/client_model v0.6.2/go.mod h1:y3m2F6Gdpfy6Ut/GBsUqTWZqCUvMVzSfMLjcu6wAwpE=
github.com/prometheus/common v0.66.1 h1:h5E0h5/Y8niHc5DlaLlWLArTQI7tMrsfQjHV+d9ZoGs=
github.com/prometheus/common v0.66.1/go.mod h1:gcaUsgf3KfRSwHY4dIMXLPV0K/Wg1oZ8+SbZk/HH/dA=
github.com/prometheus/procfs v0.16.1 h1:hZ15bTNuirocR6u0JZ6BAHHmwS1p8B4P6MRqxtzMyRg=
github.com/prometheus/procfs v0.16.1/go.mod h1:teAbpZRB1iIAJYREa1LsoWUXykVXA1KlTmWl8x/U+Is=
github.com/redis/go-redis/v9 v9.22.0 h1:laDvpYXTJtZLloinw1fA5Kqd6HAEH2XKxOkG/PDq2F0=
github.com/redis/go-redis/v9 v9.22.0/go.mod h1:y2g0Wj8rQvuK0ELM+oxSudcLtC09JScs98I/X9gRWY4=
github.com/robertkrimen/otto v0.5.1 h1:avDI4ToRk8k1hppLdYFTuuzND41n37vPGJU7547dGf0=
github.com/robertkrimen/otto v0.5.1/go.mod h1:bS433I4Q9p+E5pZLu7r17vP6FkE6/wLxBdmKjoqJXF8=
github.com/rogpeppe/go-internal v1.15.0 h1:D0RCU5rMAp+SpgkiNdrjfJ+LX4J1M32V2NeCY7EJ6hc=
github.com/rogpeppe/go-internal v1.15.0/go.mod h1:DrUVZyrJU+txYW5/1kwtXQSMFio52ZOxX7yM1VHvnxs=
github.com/segmentio/asm v1.2.1 h1:DTNbBqs57ioxAD4PrArqftgypG4/qNpXoJx8TVXxPR0=
github.com/segmentio/asm v1.2.1/go.mod h1:BqMnlJP91P8d+4ibuonYZw9mfnzI9HfxselHZr5aAcs=
github.com/segmentio/encoding v0.5.4 h1:OW1VRern8Nw6ITAtwSZ7Idrl3MXCFwXHPgqESYfvNt0=
github.com/segmentio/encoding v0.5.4/go.mod h1:HS1ZKa3kSN32ZHVZ7ZLPLXWvOVIiZtyJnO1gPH1sKt0=
github.com/spaolacci/murmur3 v1.1.0 h1:7c1g84S4BPRrfL5Xrdp6fOJ206sU9y293DDHaoy0bLI=
github.com/spaolacci/murmur3 v1.1.0/go.mod h1:JwIasOWyU6f++ZhiEuf87xNszmSA2myDM2Kzu9HwQUA=
github.com/spf13/pflag v1.0.10 h1:4EBh2KAYBwaONj6b2Ye1GiHfwjqyROoF4RwYO+vPwFk=
github.com/spf13/pflag v1.0.10/go.mod h1:McXfInJRrz4CZXVZOBLb0bTZqETkiAhM9Iw0y3An2Bg=
github.com/spiffe/go-spiffe/v2 v2.8.1 h1:eXZMLsu+3MLEPJyGJkolqtVrteZfQdUpOWj6LTiDl/E=
github.com/spiffe/go-spiffe/v2 v2.8.1/go.mod h1:47Q0Q9/AqGha8QLHp+kxpH4Wca7X7EnOtlIJy3mxZ3U=
github.com/stretchr/objx v0.1.0/go.mod h1:HFkY916IF+rwdDfMAkV7OtwuqBVzrE8GR6GFx+wExME=
github.com/stretchr/objx v0.4.0/go.mod h1:YvHI0jy2hoMjB+UWwv71VJQ9isScKT/TqJzVSSt89Yw=
github.com/stretchr/objx v0.5.0/go.mod h1:Yh+to48EsGEfYuaHDzXPcE3xhTkx73EhmCGUpEOglKo=
github.com/stretchr/objx v0.5.3 h1:jmXUvGomnU1o3W/V5h2VEradbpJDwGrzugQQvL0POH4=
github.com/stretchr/objx v0.5.3/go.mod h1:rDQraq+vQZU7Fde9LOZLr8Tax6zZvy4kuNKF+QYS+U0=
github.com/stretchr/testify v1.3.0/go.mod h1:M5WIy9Dh21IEIfnGCwXGc5bZfKNJtfHm1UVUgZn+9EI=
github.com/stretchr/testify v1.7.0/go.mod h1:6Fq8oRcR53rry900zMqJjRRixrwX3KX962/h/Wwjteg=
github.com/stretchr/testify v1.7.1/go.mod h1:6Fq8oRcR53rry900zMqJjRRixrwX3KX962/h/Wwjteg=
github.com/stretchr/testify v1.8.0/go.mod h1:yNjHg4UonilssWZ8iaSj1OCr/vHnekPRkoO+kdMU+MU=
github.com/stretchr/testify v1.8.1/go.mod h1:w2LPCIKwWwSfY2zedu0+kehJoqGctiVI29o6fzry7u4=
github.com/stretchr/testify v1.11.1 h1:7s2iGBzp5EwR7/aIZr8ao5+dra3wiQyKjjFuvgVKu7U=
github.com/stretchr/testify v1.11.1/go.mod h1:wZwfW3scLgRK+23gO65QZefKpKQRnfz6sD981Nm4B6U=
github.com/titanous/json5 v1.0.0 h1:hJf8Su1d9NuI/ffpxgxQfxh/UiBFZX7bMPid0rIL/7s=
github.com/titanous/json5 v1.0.0/go.mod h1:7JH1M8/LHKc6cyP5o5g3CSaRj+mBrIimTxzpvmckH8c=
github.com/x448/float16 v0.8.4 h1:qLwI1I70+NjRFUR3zs1JPUCgaCXSh3SW62uAKT1mSBM=
github.com/x448/float16 v0.8.4/go.mod h1:14CWIYCyZA/cWjXOioeEpHeN/83MdbZDRQHoFcYsOfg=
github.com/xdg-go/pbkdf2 v1.0.0 h1:Su7DPu48wXMwC3bs7MCNG+z4FhcyEuz5dlvchbq0B0c=
github.com/xdg-go/pbkdf2 v1.0.0/go.mod h1:jrpuAogTd400dnrH08LKmI/xc1MbPOebTwRqcT5RDeI=
github.com/xdg-go/scram v1.2.0 h1:bYKF2AEwG5rqd1BumT4gAnvwU/M9nBp2pTSxeZw7Wvs=
github.com/xdg-go/scram v1.2.0/go.mod h1:3dlrS0iBaWKYVt2ZfA4cj48umJZ+cAEbR6/SjLA88I8=
github.com/xdg-go/stringprep v1.0.4 h1:XLI/Ng3O1Atzq0oBs3TWm+5ZVgkq2aqdlvP9JtoZ6c8=
github.com/xdg-go/stringprep v1.0.4/go.mod h1:mPGuuIYwz7CmR2bT9j4GbQqutWS1zV24gijq1dTyGkM=
github.com/yosida95/uritemplate/v3 v3.0.2 h1:Ed3Oyj9yrmi9087+NczuL5BwkIc4wvTb5zIM+UJPGz4=
github.com/yosida95/uritemplate/v3 v3.0.2/go.mod h1:ILOh0sOhIJR3+L/8afwt/kE++YT040gmv5BQTMR2HP4=
github.com/youmark/pkcs8 v0.0.0-20240726163527-a2c0da244d78 h1:ilQV1hzziu+LLM3zUTJ0trRztfwgjqKnBWNtSRkbmwM=
github.com/youmark/pkcs8 v0.0.0-20240726163527-a2c0da244d78/go.mod h1:aL8wCCfTfSfmXjznFBSZNN13rSJjlIOI1fUNAtF7rmI=
github.com/yuin/goldmark v1.1.27/go.mod h1:3hX8gzYuyVAZsxl0MRgGTJEmQBFcNTphYh9decYSb74=
github.com/yuin/goldmark v1.2.1/go.mod h1:3hX8gzYuyVAZsxl0MRgGTJEmQBFcNTphYh9decYSb74=
github.com/yuin/goldmark v1.4.13/go.mod h1:6yULJ656Px+3vBD8DxQVa3kxgyrAnzto9xy5taEt/CY=
github.com/yuin/gopher-lua v1.1.2 h1:yF/FjE3hD65tBbt0VXLE13HWS9h34fdzJmrWRXwobGA=
github.com/yuin/gopher-lua v1.1.2/go.mod h1:7aRmXIWl37SqRf0koeyylBEzJ+aPt8A+mmkQ4f1ntR8=
github.com/zeebo/xxh3 v1.1.0 h1:s7DLGDK45Dyfg7++yxI0khrfwq9661w9EN78eP/UZVs=
github.com/zeebo/xxh3 v1.1.0/go.mod h1:IisAie1LELR4xhVinxWS5+zf1lA4p0MW4T+w+W07F5s=
go.etcd.io/etcd/api/v3 v3.5.21 h1:A6O2/JDb3tvHhiIz3xf9nJ7REHvtEFJJ3veW3FbCnS8=
go.etcd.io/etcd/api/v3 v3.5.21/go.mod h1:c3aH5wcvXv/9dqIw2Y810LDXJfhSYdHQ0vxmP3CCHVY=
go.etcd.io/etcd/client/pkg/v3 v3.5.21 h1:lPBu71Y7osQmzlflM9OfeIV2JlmpBjqBNlLtcoBqUTc=
go.etcd.io/etcd/client/pkg/v3 v3.5.21/go.mod h1:BgqT/IXPjK9NkeSDjbzwsHySX3yIle2+ndz28nVsjUs=
go.etcd.io/etcd/client/v3 v3.5.21 h1:T6b1Ow6fNjOLOtM0xSoKNQt1ASPCLWrF9XMHcH9pEyY=
go.etcd.io/etcd/client/v3 v3.5.21/go.mod h1:mFYy67IOqmbRf/kRUvsHixzo3iG+1OF2W2+jVIQRAnU=
go.mongodb.org/mongo-driver/v2 v2.8.0 h1:CxWDGQYY8QQwNjAl/aq2sfWakdnWZynnqJ9F4DhHbP8=
go.mongodb.org/mongo-driver/v2 v2.8.0/go.mod h1:yOI9kBsufol30iFsl1slpdq1I0eHPzybRWdyYUs8K/0=
go.opentelemetry.io/auto/sdk v1.2.1 h1:jXsnJ4Lmnqd11kwkBV2LgLoFMZKizbCi5fNZ/ipaZ64=
go.opentelemetry.io/auto/sdk v1.2.1/go.mod h1:KRTj+aOaElaLi+wW1kO/DZRXwkF4C5xPbEe3ZiIhN7Y=
go.opentelemetry.io/otel v1.45.0 h1:pdrWmLHofpubmArBv1LgFSv1Z0Ie/ppdZzu+kUN5EeU=
go.opentelemetry.io/otel v1.45.0/go.mod h1:XZxIqPapzEYnhNSScF5DIqXhm/rYi0FzCe2XddAwZfQ=
go.opentelemetry.io/otel/exporters/otlp/otlptrace v1.45.0 h1:QRefszxJmfPdjXUUm3j6iDzY03mTPXMjqErFqQ67vUg=
go.opentelemetry.io/otel/exporters/otlp/otlptrace v1.45.0/go.mod h1:Tiz03lTBVBrm7eWZBOidzEaYaJa8tjwGUGv6d8mlTyk=
go.opentelemetry.io/otel/exporters/otlp/otlptrace/otlptracegrpc v1.40.0 h1:DvJDOPmSWQHWywQS6lKL+pb8s3gBLOZUtw4N+mavW1I=
go.opentelemetry.io/otel/exporters/otlp/otlptrace/otlptracegrpc v1.40.0/go.mod h1:EtekO9DEJb4/jRyN4v4Qjc2yA7AtfCBuz2FynRUWTXs=
go.opentelemetry.io/otel/exporters/otlp/otlptrace/otlptracehttp v1.45.0 h1:QBajQ2SrwQijzHyZbQlPsuIzpl/ll8DY6wPWsajeGcI=
go.opentelemetry.io/otel/exporters/otlp/otlptrace/otlptracehttp v1.45.0/go.mod h1:08ZQLjrPLQ6R4kAXvuOvODEer5Yh4CoFvll5qB2BCI8=
go.opentelemetry.io/otel/exporters/stdout/stdouttrace v1.45.0 h1:lsA/S1bxgdbyFGkTj+3meEdJ6ADVU7QoFstV6MXgE68=
go.opentelemetry.io/otel/exporters/stdout/stdouttrace v1.45.0/go.mod h1:L7u+MirGoB1bjeLH66+xDykF4RC8C3RN7lIFpBiewUo=
go.opentelemetry.io/otel/exporters/zipkin v1.45.0 h1:KN3btaILMTxR4QDHVGAO87lq5ButzK7l+kIfLuxQ1oA=
go.opentelemetry.io/otel/exporters/zipkin v1.45.0/go.mod h1:yNcodmUclM4InyWoOwX/YW4Jri0Gj5FWAlM+NqCrtqY=
go.opentelemetry.io/otel/metric v1.45.0 h1:7Eg1uH7CJ5cXv9is6tnBe1FI6rj1nwUdbFypRm3br/M=
go.opentelemetry.io/otel/metric v1.45.0/go.mod h1:HAPbm1nd3p1PmFH7v2dR+6BjXxw+Lq4a2+pndMAm08s=
go.opentelemetry.io/otel/sdk v1.45.0 h1:4VVSMgQ83dUgW2aoX5f6JgLvHwIvzcuLnF9lUdCSpCw=
go.opentelemetry.io/otel/sdk v1.45.0/go.mod h1:Sr40LgXV7DsKMMJMKOhUWOgMWTfAaqvm2kF0g7ilwuA=
go.opentelemetry.io/otel/sdk/metric v1.45.0 h1:oVFszMfyj1Am6s24Vtc7wBb8BKLcwepJjNEYILuiE3o=
go.opentelemetry.io/otel/sdk/metric v1.45.0/go.mod h1:vUWUxDZvu1WVRj8JA8S0AdhsPrZoDpA2DdZauIh4mDA=
go.opentelemetry.io/otel/trace v1.45.0 h1:l/mP6Uv7oNO7/TblbhpbgMidxhq1uO/rPsikOyVhxag=
go.opentelemetry.io/otel/trace v1.45.0/go.mod h1:qoJJA2xNMnxRrdISU/kLtfUH2wNeQbiv+jhs/CxI8bc=
go.opentelemetry.io/proto/otlp v1.11.0 h1:5rrYs0Ykyj50sdU/JU0x8etU+LubXWb+gED6TbEdMIk=
go.opentelemetry.io/proto/otlp v1.11.0/go.mod h1:SmVizdCOAm3XBtG1g1NnOdhW6jtddT72hLMhv8VwA8E=
go.uber.org/atomic v1.11.0 h1:ZvwS0R+56ePWxUNi+Atn9dWONBPp/AUETXlHW0DxSjE=
go.uber.org/atomic v1.11.0/go.mod h1:LUxbIzbOniOlMKjJjyPfpl4v+PKK2cNJn91OQbhoJI0=
go.uber.org/automaxprocs v1.6.0 h1:O3y2/QNTOdbF+e/dpXNNW7Rx2hZ4sTIPyybbxyNqTUs=
go.uber.org/automaxprocs v1.6.0/go.mod h1:ifeIMSnPZuznNm6jmdzmU3/bfk01Fe2fotchwEFJ8r8=
go.uber.org/goleak v1.3.0 h1:2K3zAYmnTNqV73imy9J1T3WC+gmCePx2hEGkimedGto=
go.uber.org/goleak v1.3.0/go.mod h1:CoHD4mav9JJNrW/WLlf7HGZPjdw8EucARQHekz1X6bE=
go.uber.org/mock v0.6.0 h1:hyF9dfmbgIX5EfOdasqLsWD6xqpNZlXblLB/Dbnwv3Y=
go.uber.org/mock v0.6.0/go.mod h1:KiVJ4BqZJaMj4svdfmHM0AUx4NJYO8ZNpPnZn1Z+BBU=
go.uber.org/multierr v1.11.0 h1:blXXJkSxSSfBVBlC76pxqeO+LN3aDfLQo+309xJstO0=
go.uber.org/multierr v1.11.0/go.mod h1:20+QtiLqy0Nd6FdQB9TLXag12DsQkrbs3htMFfDN80Y=
go.uber.org/zap v1.28.0 h1:IZzaP1Fv73/T/pBMLk4VutPl36uNC+OSUh3JLG3FIjo=
go.uber.org/zap v1.28.0/go.mod h1:rDLpOi171uODNm/mxFcuYWxDsqWSAVkFdX4XojSKg/Q=
go.yaml.in/yaml/v2 v2.4.4 h1:tuyd0P+2Ont/d6e2rl3be67goVK4R6deVxCUX5vyPaQ=
go.yaml.in/yaml/v2 v2.4.4/go.mod h1:gMZqIpDtDqOfM0uNfy0SkpRhvUryYH0Z6wdMYcacYXQ=
go.yaml.in/yaml/v3 v3.0.5 h1:N6y/pJk8buWs9NY5ERU2HSMfm+IuD/OtfdAnq6kESPw=
go.yaml.in/yaml/v3 v3.0.5/go.mod h1:HVTZu1O7/Vkt2N+BFy8Zza+lnLsABggaTM2ZpNIGuKg=
golang.org/x/crypto v0.0.0-20190308221718-c2843e01d9a2/go.mod h1:djNgcEr1/C05ACkg1iLfiJU5Ep61QUkGW8qpdssI0+w=
golang.org/x/crypto v0.0.0-20191011191535-87dc89f01550/go.mod h1:yigFU9vqHzYiE8UmvKecakEJjdnWj3jj499lnFckfCI=
golang.org/x/crypto v0.0.0-20200622213623-75b288015ac9/go.mod h1:LzIPMQfyMNhhGPhUkYOs5KpL4U8rLKemX1yGLhDgUto=
golang.org/x/crypto v0.0.0-20210921155107-089bfa567519/go.mod h1:GvvjBRRGRdwPK5ydBHafDWAxML/pGHZbMvKqRZ5+Abc=
golang.org/x/crypto v0.55.0 h1:+KWHjbgOaAQ66dh/YlkZKHlz9ZUlq61AFirAR9ntP8M=
golang.org/x/crypto v0.55.0/go.mod h1:uq0V9dE/fzQuJtbnL+2EhWOE63vo164FY8xqEnV9xis=
golang.org/x/mod v0.2.0/go.mod h1:s0Qsj1ACt9ePp/hMypM3fl4fZqREWJwdYDEqhRiZZUA=
golang.org/x/mod v0.3.0/go.mod h1:s0Qsj1ACt9ePp/hMypM3fl4fZqREWJwdYDEqhRiZZUA=
golang.org/x/mod v0.6.0-dev.0.20220419223038-86c51ed26bb4/go.mod h1:jJ57K6gSWd91VN4djpZkiMVwK6gcyfeH4XE8wZrZaV4=
golang.org/x/net v0.0.0-20190404232315-eb5bcb51f2a3/go.mod h1:t9HGtf8HONx5eT2rtn7q6eTqICYqUVnKs3thJo3Qplg=
golang.org/x/net v0.0.0-20190620200207-3b0461eec859/go.mod h1:z5CRVTTTmAJ677TzLLGU+0bjPO0LkuOLi4/5GtJWs/s=
golang.org/x/net v0.0.0-20200226121028-0de0cce0169b/go.mod h1:z5CRVTTTmAJ677TzLLGU+0bjPO0LkuOLi4/5GtJWs/s=
golang.org/x/net v0.0.0-20201021035429-f5854403a974/go.mod h1:sp8m0HH+o8qH0wwXwYZr8TS3Oi6o0r6Gce1SSxlDquU=
golang.org/x/net v0.0.0-20210226172049-e18ecbb05110/go.mod h1:m0MpNAwzfU5UDzcl9v0D8zg8gWTRqZa9RBIspLL5mdg=
golang.org/x/net v0.0.0-20220722155237-a158d28d115b/go.mod h1:XRhObCWvk6IyKnWLug+ECip1KBveYUHfp+8e9klMJ9c=
golang.org/x/net v0.58.0 h1:ynWG7rqYi4ccpTEuPZ2QGWHktVEM9DMCj9yzDE0Q7To=
golang.org/x/net v0.58.0/go.mod h1:YwCddHnFlT7eLQqVprV19OnhLGtc5xOKgE0RyqgfWAU=
golang.org/x/oauth2 v0.36.0 h1:peZ/1z27fi9hUOFCAZaHyrpWG5lwe0RJEEEeH0ThlIs=
golang.org/x/oauth2 v0.36.0/go.mod h1:YDBUJMTkDnJS+A4BP4eZBjCqtokkg1hODuPjwiGPO7Q=
golang.org/x/sync v0.0.0-20190423024810-112230192c58/go.mod h1:RxMgew5VJxzue5/jJTE5uejpjVlOe/izrB70Jof72aM=
golang.org/x/sync v0.0.0-20190911185100-cd5d95a43a6e/go.mod h1:RxMgew5VJxzue5/jJTE5uejpjVlOe/izrB70Jof72aM=
golang.org/x/sync v0.0.0-20201020160332-67f06af15bc9/go.mod h1:RxMgew5VJxzue5/jJTE5uejpjVlOe/izrB70Jof72aM=
golang.org/x/sync v0.0.0-20220722155255-886fb9371eb4/go.mod h1:RxMgew5VJxzue5/jJTE5uejpjVlOe/izrB70Jof72aM=
golang.org/x/sync v0.22.0 h1:SZjpbeLmrCk4xhRSZFNZW5gFUeCeFgjekvI/+gfScek=
golang.org/x/sync v0.22.0/go.mod h1:9xrNwdLfx4jkKbNva9FpL6vEN7evnE43NNNJQ2LF3+0=
golang.org/x/sys v0.0.0-20190215142949-d0b11bdaac8a/go.mod h1:STP8DvDyc/dI5b8T5hshtkjS+E42TnysNCUPdjciGhY=
golang.org/x/sys v0.0.0-20190412213103-97732733099d/go.mod h1:h1NjWce9XRLGQEsW7wpKNCjG9DtNlClVuFLEZdDNbEs=
golang.org/x/sys v0.0.0-20200930185726-fdedc70b468f/go.mod h1:h1NjWce9XRLGQEsW7wpKNCjG9DtNlClVuFLEZdDNbEs=
golang.org/x/sys v0.0.0-20201119102817-f84b799fce68/go.mod h1:h1NjWce9XRLGQEsW7wpKNCjG9DtNlClVuFLEZdDNbEs=
golang.org/x/sys v0.0.0-20210615035016-665e8c7367d1/go.mod h1:oPkhp1MJrh7nUepCBck5+mAzfO9JrbApNNgaTdGDITg=
golang.org/x/sys v0.0.0-20220520151302-bc2c85ada10a/go.mod h1:oPkhp1MJrh7nUepCBck5+mAzfO9JrbApNNgaTdGDITg=
golang.org/x/sys v0.0.0-20220722155257-8c9f86f7a55f/go.mod h1:oPkhp1MJrh7nUepCBck5+mAzfO9JrbApNNgaTdGDITg=
golang.org/x/sys v0.47.0 h1:o7XGOvZQCADBQQ4Y7VNq2dRWQR7JmOUW8Kxx4ZsNgWs=
golang.org/x/sys v0.47.0/go.mod h1:4GL1E5IUh+htKOUEOaiffhrAeqysfVGipDYzABqnCmw=
golang.org/x/term v0.0.0-20201126162022-7de9c90e9dd1/go.mod h1:bj7SfCRtBDWHUb9snDiAeCFNEtKQo2Wmx5Cou7ajbmo=
golang.org/x/term v0.0.0-20210927222741-03fcf44c2211/go.mod h1:jbD1KX2456YbFQfuXm/mYQcufACuNUgVhRMnK/tPxf8=
golang.org/x/term v0.45.0 h1:NwWyBmoJCbfTHpxrWoZ9C6/VxOf7ic219I8xZZFdrf0=
golang.org/x/term v0.45.0/go.mod h1:9aqxs0blBcrm/n0L9QW0aRVD+ktan8ssZromtqJC43w=
golang.org/x/text v0.3.0/go.mod h1:NqM8EUOU14njkJ3fqMW+pc6Ldnwhi/IjpwHt7yyuwOQ=
golang.org/x/text v0.3.3/go.mod h1:5Zoc/QRtKVWzQhOtBMvqHzDpF6irO9z98xDceosuGiQ=
golang.org/x/text v0.3.7/go.mod h1:u+2+/6zg+i71rQMx5EYifcz6MCKuco9NR6JIITiCfzQ=
golang.org/x/text v0.3.8/go.mod h1:E6s5w1FMmriuDzIBO73fBruAKo1PCIq6d2Q6DHfQ8WQ=
golang.org/x/text v0.41.0 h1:vz/seA0lnX87Othu2f/0L24RcgrXD9/YFTSuGjj3rH8=
golang.org/x/text v0.41.0/go.mod h1:jvf1O8ajNzZqhSrQBPbutR/EB83Cc0CFrezNQIwbb5M=
golang.org/x/time v0.14.0 h1:MRx4UaLrDotUKUdCIqzPC48t1Y9hANFKIRpNx+Te8PI=
golang.org/x/time v0.14.0/go.mod h1:eL/Oa2bBBK0TkX57Fyni+NgnyQQN4LitPmob2Hjnqw4=
golang.org/x/tools v0.0.0-20180917221912-90fa682c2a6e/go.mod h1:n7NCudcB/nEzxVGmLbDWY5pfWTLqBcC2KZ6jyYvM4mQ=
golang.org/x/tools v0.0.0-20191119224855-298f0cb1881e/go.mod h1:b+2E5dAYhXwXZwtnZ6UAqBI28+e2cm9otk0dWdXHAEo=
golang.org/x/tools v0.0.0-20200619180055-7c47624df98f/go.mod h1:EkVYQZoAsY45+roYkvgYkIh4xh/qjgUK9TdY2XT94GE=
golang.org/x/tools v0.0.0-20210106214847-113979e3529a/go.mod h1:emZCQorbCU4vsT4fOWvOPXz4eW1wZW4PmDk9uLelYpA=
golang.org/x/tools v0.1.12/go.mod h1:hNGJHUnrk76NpqgfD5Aqm5Crs+Hm0VOH/i9J2+nxYbc=
golang.org/x/tools v0.48.0 h1:3+hClM1aLL5mjMKm5ovokw9epgRXPuu2tILgismM6RE=
golang.org/x/tools v0.48.0/go.mod h1:08xX0orndb/F7jJxGDicx061tyd5pcMto75YMAXr6lk=
golang.org/x/xerrors v0.0.0-20190717185122-a985d3407aa7/go.mod h1:I/5z698sn9Ka8TeJc9MKroUUfqBBauWjQqLJ2OPfmY0=
golang.org/x/xerrors v0.0.0-20191011141410-1b5146add898/go.mod h1:I/5z698sn9Ka8TeJc9MKroUUfqBBauWjQqLJ2OPfmY0=
golang.org/x/xerrors v0.0.0-20191204190536-9bdfabe68543/go.mod h1:I/5z698sn9Ka8TeJc9MKroUUfqBBauWjQqLJ2OPfmY0=
golang.org/x/xerrors v0.0.0-20200804184101-5ec99f83aff1/go.mod h1:I/5z698sn9Ka8TeJc9MKroUUfqBBauWjQqLJ2OPfmY0=
gonum.org/v1/gonum v0.17.0 h1:VbpOemQlsSMrYmn7T2OUvQ4dqxQXU+ouZFQsZOx50z4=
gonum.org/v1/gonum v0.17.0/go.mod h1:El3tOrEuMpv2UdMrbNlKEh9vd86bmQ6vqIcDwxEOc1E=
google.golang.org/genproto/googleapis/api v0.0.0-20260803160001-6ac0973c030d h1:FarXi840EJWSHYTN3ERkADbPWjl307+FGrA22KAVjjc=
google.golang.org/genproto/googleapis/api v0.0.0-20260803160001-6ac0973c030d/go.mod h1:K/+WGbmBY7aNW1HDw1fJnKYo10i0DkAX6pows00dLig=
google.golang.org/genproto/googleapis/rpc v0.0.0-20260803160001-6ac0973c030d h1:IL4hdHzcUv2l/gcg98/Rj3FbtE6axwqslOW8SW0C+S0=
google.golang.org/genproto/googleapis/rpc v0.0.0-20260803160001-6ac0973c030d/go.mod h1:4Hqkh8ycfw05ld/3BWL7rJOSfebL2Q+DVDeRgYgxUU8=
google.golang.org/grpc v1.83.0 h1:JeNZEKJFbQxArAMl+hiytHauacDNqJUllNfmIMmpqnQ=
google.golang.org/grpc v1.83.0/go.mod h1:kDyl6SKsiHKt0uylY5gtn5cEjkrIOhQOGDgIc4JGwzQ=
google.golang.org/protobuf v1.36.11 h1:fV6ZwhNocDyBLK0dj+fg8ektcVegBBuEolpbTQyBNVE=
google.golang.org/protobuf v1.36.11/go.mod h1:HTf+CrKn2C3g5S8VImy6tdcUvCska2kB7j23XfzDpco=
gopkg.in/check.v1 v0.0.0-20161208181325-20d25e280405/go.mod h1:Co6ibVJAznAaIkqp8huTwlJQCZ016jof/cbN4VW5Yz0=
gopkg.in/check.v1 v1.0.0-20201130134442-10cb98267c6c h1:Hei/4ADfdWqJk1ZMxUNpqntNwaWcugrBjAiHlqqRiVk=
gopkg.in/check.v1 v1.0.0-20201130134442-10cb98267c6c/go.mod h1:JHkPIbrfpd72SG/EVd6muEfDQjcINNoR0C8j2r3qZ4Q=
gopkg.in/cheggaaa/pb.v1 v1.0.28 h1:n1tBJnnK2r7g9OW2btFH91V92STTUevLXYFb8gy9EMk=
gopkg.in/cheggaaa/pb.v1 v1.0.28/go.mod h1:V/YB90LKu/1FcN3WVnfiiE5oMCibMjukxqG/qStrOgw=
gopkg.in/evanphx/json-patch.v4 v4.13.0 h1:czT3CmqEaQ1aanPc5SdlgQrrEIb8w/wwCvWWnfEbYzo=
gopkg.in/evanphx/json-patch.v4 v4.13.0/go.mod h1:p8EYWUEYMpynmqDbY58zCKCFZw8pRWMG4EsWvDvM72M=
gopkg.in/h2non/gock.v1 v1.1.2 h1:jBbHXgGBK/AoPVfJh5x4r/WxIrElvbLel8TCZkkZJoY=
gopkg.in/h2non/gock.v1 v1.1.2/go.mod h1:n7UGz/ckNChHiK05rDoiC4MYSunEC/lyaUm2WWaDva0=
gopkg.in/inf.v0 v0.9.1 h1:73M5CoZyi3ZLMOyDlQh031Cx6N9NDJ2Vvfl76EDAgDc=
gopkg.in/inf.v0 v0.9.1/go.mod h1:cWUDdTG/fYaXco+Dcufb5Vnc6Gp2YChqWtbxRZE0mXw=
gopkg.in/sourcemap.v1 v1.0.5 h1:inv58fC9f9J3TK2Y2R1NPntXEn3/wjWHkonhIUODNTI=
gopkg.in/sourcemap.v1 v1.0.5/go.mod h1:2RlvNNSMglmRrcvhfuzp4hQHwOtjxlbjX7UPY/GXb78=
gopkg.in/yaml.v2 v2.4.0 h1:D8xgwECY7CYvx+Y2n4sBz93Jn9JRvxdiyyo8CTfuKaY=
gopkg.in/yaml.v2 v2.4.0/go.mod h1:RDklbk79AGWmwhnvt/jBztapEOGDOx6ZbXqjP6csGnQ=
gopkg.in/yaml.v3 v3.0.0-20200313102051-9f266ea9e77c/go.mod h1:K4uyk7z7BCEPqu6E+C64Yfv1cQ7kz7rIZviUmN+EgEM=
gopkg.in/yaml.v3 v3.0.1 h1:fxVm/GzAzEWqLHuvctI91KS9hhNmmWOoWu0XTYJS7CA=
gopkg.in/yaml.v3 v3.0.1/go.mod h1:K4uyk7z7BCEPqu6E+C64Yfv1cQ7kz7rIZviUmN+EgEM=
k8s.io/api v0.34.3 h1:D12sTP257/jSH2vHV2EDYrb16bS7ULlHpdNdNhEw2S4=
k8s.io/api v0.34.3/go.mod h1:PyVQBF886Q5RSQZOim7DybQjAbVs8g7gwJNhGtY5MBk=
k8s.io/apimachinery v0.34.3 h1:/TB+SFEiQvN9HPldtlWOTp0hWbJ+fjU+wkxysf/aQnE=
k8s.io/apimachinery v0.34.3/go.mod h1:/GwIlEcWuTX9zKIg2mbw0LRFIsXwrfoVxn+ef0X13lw=
k8s.io/client-go v0.34.3 h1:wtYtpzy/OPNYf7WyNBTj3iUA0XaBHVqhv4Iv3tbrF5A=
k8s.io/client-go v0.34.3/go.mod h1:OxxeYagaP9Kdf78UrKLa3YZixMCfP6bgPwPwNBQBzpM=
k8s.io/klog/v2 v2.140.0 h1:Tf+J3AH7xnUzZyVVXhTgGhEKnFqye14aadWv7bzXdzc=
k8s.io/klog/v2 v2.140.0/go.mod h1:o+/RWfJ6PwpnFn7OyAG3QnO47BFsymfEfrz6XyYSSp0=
k8s.io/kube-openapi v0.0.0-20250710124328-f3f2b991d03b h1:MloQ9/bdJyIu9lb1PzujOPolHyvO06MXG5TUIj2mNAA=
k8s.io/kube-openapi v0.0.0-20250710124328-f3f2b991d03b/go.mod h1:UZ2yyWbFTpuhSbFhv24aGNOdoRdJZgsIObGBUaYVsts=
k8s.io/utils v0.0.0-20260707023825-cf1189d6abe3 h1:jVkFFVfXdXP74B/zbO3hM3hpSFD0xvhQ5U686DPurkE=
k8s.io/utils v0.0.0-20260707023825-cf1189d6abe3/go.mod h1:M2s5JB1lIYP3jzZdorPLHXIPJzt9vv2muW5a6L9DtNM=
sigs.k8s.io/json v0.0.0-20250730193827-2d320260d730 h1:IpInykpT6ceI+QxKBbEflcR5EXP7sU1kvOlxwZh5txg=
sigs.k8s.io/json v0.0.0-20250730193827-2d320260d730/go.mod h1:mdzfpAEoE6DHQEN0uh9ZbOCuHbLK5wOm7dK4ctXE9Tg=
sigs.k8s.io/randfill v1.0.0 h1:JfjMILfT8A6RbawdsK2JXGBR5AQVfd+9TbzrlneTyrU=
sigs.k8s.io/randfill v1.0.0/go.mod h1:XeLlZ/jmk4i1HRopwe7/aU3H5n1zNUcX6TM94b3QxOY=
sigs.k8s.io/structured-merge-diff/v6 v6.4.2 h1:qdOxHwrl2Kaag1aQEarlYcOA9vSyGCp3CIki3aW8c4Q=
sigs.k8s.io/structured-merge-diff/v6 v6.4.2/go.mod h1:M3W8sfWvn2HhQDIbGWj3S099YozAsymCo/wrT5ohRUE=
sigs.k8s.io/yaml v1.6.0 h1:G8fkbMSAFqgEFgh4b1wmtzDnioxFCUgTZhlbj5P9QYs=
sigs.k8s.io/yaml v1.6.0/go.mod h1:796bPqUfzR/0jLAl6XjHl3Ck7MiyVv8dbTdyT3/pMf4=
